// !$*UTF8*$!
{
	archiveVersion = 1;
	classes = {
	};
	objectVersion = 56;
	objects = {

/* Begin PBXBuildFile section */
		5AF0E03A62BE8C96B68A21E9 /* Rect.swift in Sources */ = {isa = PBXBuildFile; fileRef = 5AF0EAB90CCB3D98C995C0EC /* Rect.swift */; };
		5AF0E05ECF38AD89B02B5103 /* Thing.swift in Sources */ = {isa = PBXBuildFile; fileRef = 5AF0EA0B60A7B40DCB2A7519 /* Thing.swift */; };
		5AF0E10DFDF0957A312D6CC7 /* Game.swift in Sources */ = {isa = PBXBuildFile; fileRef = 5AF0EF41E46C82A6B15E4808 /* Game.swift */; };
		5AF0E13AC2AD29C013C3F3D3 /* Thing.swift in Sources */ = {isa = PBXBuildFile; fileRef = 5AF0EA0B60A7B40DCB2A7519 /* Thing.swift */; };
		5AF0E1F660939DC77B535E2F /* AppCore.swift in Sources */ = {isa = PBXBuildFile; fileRef = 5AF0EF0712B515A5BDD0ED65 /* AppCore.swift */; };
		5AF0E2021FFF1A23F257CE8E /* Model.swift in Sources */ = {isa = PBXBuildFile; fileRef = 5AF0EDE885A998F8DD7DE175 /* Model.swift */; };
		5AF0E22C4E5B10B86DE0EC3A /* Tile.swift in Sources */ = {isa = PBXBuildFile; fileRef = 5AF0E7A69CB3F21C7DFBB5B1 /* Tile.swift */; };
		5AF0E298A230718A49B35B33 /* levels.json in Resources */ = {isa = PBXBuildFile; fileRef = 5AF0E901810EBDBC9055998B /* levels.json */; };
		5AF0E2B7E41D5BC4069C3461 /* MapData.swift in Sources */ = {isa = PBXBuildFile; fileRef = 5AF0ED24D672D3503B229FBA /* MapData.swift */; };
		5AF0E2C084E35BF56CD69009 /* Float3x3Exts.swift in Sources */ = {isa = PBXBuildFile; fileRef = 5AF0E9963BD440E55A42FF49 /* Float3x3Exts.swift */; };
		5AF0E2DB089CC406A1DDCE49 /* FileService.swift in Sources */ = {isa = PBXBuildFile; fileRef = 5AF0E8AC85199D1D06D70D61 /* FileService.swift */; };
		5AF0E320D78052928C5E0C48 /* RenderService.swift in Sources */ = {isa = PBXBuildFile; fileRef = 5AF0E0148075573804D82175 /* RenderService.swift */; };
		5AF0E3277FD90C3C0EFCCAE9 /* Float4x4Exts.swift in Sources */ = {isa = PBXBuildFile; fileRef = 5AF0E4E22870C4F2405A54B5 /* Float4x4Exts.swift */; };
		5AF0E348EE50019AFD4C3976 /* Actor.swift in Sources */ = {isa = PBXBuildFile; fileRef = 5AF0E7EF912C9763A5CC5FC8 /* Actor.swift */; };
		5AF0E3BD27EF01D01B982EFC /* Game.swift in Sources */ = {isa = PBXBuildFile; fileRef = 5AF0EF41E46C82A6B15E4808 /* Game.swift */; };
		5AF0E3DA30273901735F1A92 /* Tile.swift in Sources */ = {isa = PBXBuildFile; fileRef = 5AF0E7A69CB3F21C7DFBB5B1 /* Tile.swift */; };
		5AF0E41E83CC02786B007E55 /* Model.swift in Sources */ = {isa = PBXBuildFile; fileRef = 5AF0EDE885A998F8DD7DE175 /* Model.swift */; };
		5AF0E521C9300F630D0B976B /* AppCoreServiceFactory.swift in Sources */ = {isa = PBXBuildFile; fileRef = 5AF0EFE18A1FB571B27B9EE4 /* AppCoreServiceFactory.swift */; };
		5AF0E5FE5DB42AAAED80AFFC /* Float2x2Exts.swift in Sources */ = {isa = PBXBuildFile; fileRef = 5AF0E3C174CEC29B333EF111 /* Float2x2Exts.swift */; };
		5AF0E61D5C0F39869B36DA4B /* ScreenDimensions.swift in Sources */ = {isa = PBXBuildFile; fileRef = 5AF0E174C54DBE4F8052AC03 /* ScreenDimensions.swift */; };
		5AF0E65AAF3BC27461677878 /* Actor.swift in Sources */ = {isa = PBXBuildFile; fileRef = 5AF0E7EF912C9763A5CC5FC8 /* Actor.swift */; };
		5AF0E68D4FF9BACAB784ADCE /* Camera.swift in Sources */ = {isa = PBXBuildFile; fileRef = 5AF0E9B50947438189318EBF /* Camera.swift */; };
		5AF0E6C4C8C316458A49FB45 /* AppCoreContext.swift in Sources */ = {isa = PBXBuildFile; fileRef = 5AF0EE29190E895016D01D73 /* AppCoreContext.swift */; };
		5AF0E6EE0F387AAFD9795719 /* World.swift in Sources */ = {isa = PBXBuildFile; fileRef = 5AF0E7C2A61D7A72D0C55A87 /* World.swift */; };
		5AF0E709CAD9F8B2CEDF623A /* MapData.swift in Sources */ = {isa = PBXBuildFile; fileRef = 5AF0ED24D672D3503B229FBA /* MapData.swift */; };
		5AF0E76B11DC4F071E6F1853 /* TileMap.swift in Sources */ = {isa = PBXBuildFile; fileRef = 5AF0E7E3DDF775F0B00720E8 /* TileMap.swift */; };
		5AF0E7BA6C30A760EA6B1C93 /* FileService.swift in Sources */ = {isa = PBXBuildFile; fileRef = 5AF0E8AC85199D1D06D70D61 /* FileService.swift */; };
		5AF0E7DC4FB39F532F4462E6 /* RenderService.swift in Sources */ = {isa = PBXBuildFile; fileRef = 5AF0E0148075573804D82175 /* RenderService.swift */; };
		5AF0E87157F98C14E974BF62 /* Input.swift in Sources */ = {isa = PBXBuildFile; fileRef = 5AF0E1A5497D0AA1CB81D18D /* Input.swift */; };
		5AF0E8AD15B9405BDF01E5A0 /* Input.swift in Sources */ = {isa = PBXBuildFile; fileRef = 5AF0E1A5497D0AA1CB81D18D /* Input.swift */; };
		5AF0E8AF11535468DC073109 /* Wall.swift in Sources */ = {isa = PBXBuildFile; fileRef = 5AF0E2B2BDE7613818C19ABC /* Wall.swift */; };
		5AF0E8DBD467FEC9D060B796 /* levels.json in Resources */ = {isa = PBXBuildFile; fileRef = 5AF0E901810EBDBC9055998B /* levels.json */; };
		5AF0E952A054A00A4E6A32C5 /* RNDRRenderer.swift in Sources */ = {isa = PBXBuildFile; fileRef = 5AF0E1BDB22191FE42E34E80 /* RNDRRenderer.swift */; };
		5AF0EA3963F245353C95396C /* Float4Exts.swift in Sources */ = {isa = PBXBuildFile; fileRef = 5AF0E07D7C69584B1216D62E /* Float4Exts.swift */; };
		5AF0EAA7783C718B821430A8 /* TouchLocation.swift in Sources */ = {isa = PBXBuildFile; fileRef = 5AF0E810589299D491809FB1 /* TouchLocation.swift */; };
		5AF0EB11E60F21FE55B80ACB /* Float3x3Exts.swift in Sources */ = {isa = PBXBuildFile; fileRef = 5AF0E9963BD440E55A42FF49 /* Float3x3Exts.swift */; };
		5AF0EB87B0584495A996C48A /* Float4x4Exts.swift in Sources */ = {isa = PBXBuildFile; fileRef = 5AF0E4E22870C4F2405A54B5 /* Float4x4Exts.swift */; };
		5AF0EC85D570462A6D8C880B /* Wall.swift in Sources */ = {isa = PBXBuildFile; fileRef = 5AF0E2B2BDE7613818C19ABC /* Wall.swift */; };
		5AF0EC9B4F44FB10BF01F2DA /* Camera.swift in Sources */ = {isa = PBXBuildFile; fileRef = 5AF0E9B50947438189318EBF /* Camera.swift */; };
		5AF0ED006E8E93F6C94590B6 /* World.swift in Sources */ = {isa = PBXBuildFile; fileRef = 5AF0E7C2A61D7A72D0C55A87 /* World.swift */; };
		5AF0ED5F81332194B0EA9D9F /* Button.swift in Sources */ = {isa = PBXBuildFile; fileRef = 5AF0EF00BE815E18E912B1D4 /* Button.swift */; };
		5AF0ED71090F95BE7BDBD0CE /* RNDRRenderer.swift in Sources */ = {isa = PBXBuildFile; fileRef = 5AF0E1BDB22191FE42E34E80 /* RNDRRenderer.swift */; };
		5AF0ED88557F5AA357AA23D5 /* AppCoreConfig.swift in Sources */ = {isa = PBXBuildFile; fileRef = 5AF0EE0AD9A16979E3E6B597 /* AppCoreConfig.swift */; };
		5AF0EE54B43D6A078E5D64A1 /* AppCoreConfig.swift in Sources */ = {isa = PBXBuildFile; fileRef = 5AF0EE0AD9A16979E3E6B597 /* AppCoreConfig.swift */; };
		5AF0EE63292B366278F58456 /* Rect.swift in Sources */ = {isa = PBXBuildFile; fileRef = 5AF0EAB90CCB3D98C995C0EC /* Rect.swift */; };
		5AF0EE8B51FB093F2FB5F2A3 /* Float2x2Exts.swift in Sources */ = {isa = PBXBuildFile; fileRef = 5AF0E3C174CEC29B333EF111 /* Float2x2Exts.swift */; };
		5AF0EE8FD851C3F7FC304E01 /* AppCoreServiceFactory.swift in Sources */ = {isa = PBXBuildFile; fileRef = 5AF0EFE18A1FB571B27B9EE4 /* AppCoreServiceFactory.swift */; };
		5AF0EEBB62D00E5CFC4AA877 /* Button.swift in Sources */ = {isa = PBXBuildFile; fileRef = 5AF0EF00BE815E18E912B1D4 /* Button.swift */; };
		5AF0EECD66C82C639065C4AC /* AppCoreContext.swift in Sources */ = {isa = PBXBuildFile; fileRef = 5AF0EE29190E895016D01D73 /* AppCoreContext.swift */; };
		5AF0EEE23F56B420A9D9A890 /* Float4Exts.swift in Sources */ = {isa = PBXBuildFile; fileRef = 5AF0E07D7C69584B1216D62E /* Float4Exts.swift */; };
		5AF0EF6A5D0C02944C4FEBEC /* AppCore.swift in Sources */ = {isa = PBXBuildFile; fileRef = 5AF0EF0712B515A5BDD0ED65 /* AppCore.swift */; };
		5AF0EFA74A5AA3108FEB9606 /* ScreenDimensions.swift in Sources */ = {isa = PBXBuildFile; fileRef = 5AF0E174C54DBE4F8052AC03 /* ScreenDimensions.swift */; };
		5AF0EFE4EE80BDC96321A7A1 /* TouchLocation.swift in Sources */ = {isa = PBXBuildFile; fileRef = 5AF0E810589299D491809FB1 /* TouchLocation.swift */; };
		5AF0EFFD83C29E9AE7FA126A /* TileMap.swift in Sources */ = {isa = PBXBuildFile; fileRef = 5AF0E7E3DDF775F0B00720E8 /* TileMap.swift */; };
		632C34BA29078C280050F354 /* AppDelegate.swift in Sources */ = {isa = PBXBuildFile; fileRef = 632C34B929078C280050F354 /* AppDelegate.swift */; };
		632C34BC29078C280050F354 /* ViewController.swift in Sources */ = {isa = PBXBuildFile; fileRef = 632C34BB29078C280050F354 /* ViewController.swift */; };
		632C34BE29078C290050F354 /* Assets.xcassets in Resources */ = {isa = PBXBuildFile; fileRef = 632C34BD29078C290050F354 /* Assets.xcassets */; };
		632C34C129078C290050F354 /* Main.storyboard in Resources */ = {isa = PBXBuildFile; fileRef = 632C34BF29078C290050F354 /* Main.storyboard */; };
		632C34CC29078C290050F354 /* DrawMaze_macOSTests.swift in Sources */ = {isa = PBXBuildFile; fileRef = 632C34CB29078C290050F354 /* DrawMaze_macOSTests.swift */; };
		632C34D629078C290050F354 /* DrawMaze_macOSUITests.swift in Sources */ = {isa = PBXBuildFile; fileRef = 632C34D529078C290050F354 /* DrawMaze_macOSUITests.swift */; };
		632C34D829078C290050F354 /* DrawMaze_macOSUITestsLaunchTests.swift in Sources */ = {isa = PBXBuildFile; fileRef = 632C34D729078C290050F354 /* DrawMaze_macOSUITestsLaunchTests.swift */; };
		632C34E929078CE90050F354 /* AppDelegate.swift in Sources */ = {isa = PBXBuildFile; fileRef = 632C34E829078CE90050F354 /* AppDelegate.swift */; };
		632C34EB29078CE90050F354 /* SceneDelegate.swift in Sources */ = {isa = PBXBuildFile; fileRef = 632C34EA29078CE90050F354 /* SceneDelegate.swift */; };
		632C34ED29078CE90050F354 /* GameViewController.swift in Sources */ = {isa = PBXBuildFile; fileRef = 632C34EC29078CE90050F354 /* GameViewController.swift */; };
		632C34F029078CE90050F354 /* Main.storyboard in Resources */ = {isa = PBXBuildFile; fileRef = 632C34EE29078CE90050F354 /* Main.storyboard */; };
		632C34F229078CEA0050F354 /* Assets.xcassets in Resources */ = {isa = PBXBuildFile; fileRef = 632C34F129078CEA0050F354 /* Assets.xcassets */; };
		632C34F529078CEA0050F354 /* LaunchScreen.storyboard in Resources */ = {isa = PBXBuildFile; fileRef = 632C34F329078CEA0050F354 /* LaunchScreen.storyboard */; };
		632C350029078CEA0050F354 /* DrawMaze_iOSTests.swift in Sources */ = {isa = PBXBuildFile; fileRef = 632C34FF29078CEA0050F354 /* DrawMaze_iOSTests.swift */; };
		632C350A29078CEB0050F354 /* DrawMaze_iOSUITests.swift in Sources */ = {isa = PBXBuildFile; fileRef = 632C350929078CEB0050F354 /* DrawMaze_iOSUITests.swift */; };
		632C350C29078CEB0050F354 /* DrawMaze_iOSUITestsLaunchTests.swift in Sources */ = {isa = PBXBuildFile; fileRef = 632C350B29078CEB0050F354 /* DrawMaze_iOSUITestsLaunchTests.swift */; };
		634673E3296D1EDE00A77CFB /* ScopeFunctions.swift in Sources */ = {isa = PBXBuildFile; fileRef = 634673E2296D1EDE00A77CFB /* ScopeFunctions.swift */; };
		634673E4296D1EDE00A77CFB /* ScopeFunctions.swift in Sources */ = {isa = PBXBuildFile; fileRef = 634673E2296D1EDE00A77CFB /* ScopeFunctions.swift */; };
		634DC4BB296530A4004083ED /* FloatExts.swift in Sources */ = {isa = PBXBuildFile; fileRef = 634DC4BA296530A4004083ED /* FloatExts.swift */; };
		634DC4BC296530A4004083ED /* FloatExts.swift in Sources */ = {isa = PBXBuildFile; fileRef = 634DC4BA296530A4004083ED /* FloatExts.swift */; };
		634DC4BE2965315E004083ED /* Float2Exts.swift in Sources */ = {isa = PBXBuildFile; fileRef = 634DC4BD2965315E004083ED /* Float2Exts.swift */; };
		634DC4BF2965315E004083ED /* Float2Exts.swift in Sources */ = {isa = PBXBuildFile; fileRef = 634DC4BD2965315E004083ED /* Float2Exts.swift */; };
		634DC4C12965323A004083ED /* Float3Exts.swift in Sources */ = {isa = PBXBuildFile; fileRef = 634DC4C02965323A004083ED /* Float3Exts.swift */; };
		634DC4C22965323A004083ED /* Float3Exts.swift in Sources */ = {isa = PBXBuildFile; fileRef = 634DC4C02965323A004083ED /* Float3Exts.swift */; };
		635E89E429667976007F1ABE /* FloatExtTests.swift in Sources */ = {isa = PBXBuildFile; fileRef = 637607A5296532FD0078DF20 /* FloatExtTests.swift */; };
		635E89E52966797D007F1ABE /* AppCoreTests.swift in Sources */ = {isa = PBXBuildFile; fileRef = 632C351B29078EAB0050F354 /* AppCoreTests.swift */; };
		637607A8296536990078DF20 /* DoubleExts.swift in Sources */ = {isa = PBXBuildFile; fileRef = 637607A7296536990078DF20 /* DoubleExts.swift */; };
		637607A9296536990078DF20 /* DoubleExts.swift in Sources */ = {isa = PBXBuildFile; fileRef = 637607A7296536990078DF20 /* DoubleExts.swift */; };
		637607AB296536C80078DF20 /* IntExts.swift in Sources */ = {isa = PBXBuildFile; fileRef = 637607AA296536C80078DF20 /* IntExts.swift */; };
		637607AC296536C80078DF20 /* IntExts.swift in Sources */ = {isa = PBXBuildFile; fileRef = 637607AA296536C80078DF20 /* IntExts.swift */; };
		63DDDA90296D192D0013605A /* Shaders.metal in Sources */ = {isa = PBXBuildFile; fileRef = 63DDDA8F296D192D0013605A /* Shaders.metal */; };
		63DDDA91296D192D0013605A /* Shaders.metal in Sources */ = {isa = PBXBuildFile; fileRef = 63DDDA8F296D192D0013605A /* Shaders.metal */; };
/* End PBXBuildFile section */

/* Begin PBXContainerItemProxy section */
		632C34C829078C290050F354 /* PBXContainerItemProxy */ = {
			isa = PBXContainerItemProxy;
			containerPortal = 632C34AC29078BE50050F354 /* Project object */;
			proxyType = 1;
			remoteGlobalIDString = 632C34B529078C280050F354;
			remoteInfo = "DrawMaze macOS";
		};
		632C34D229078C290050F354 /* PBXContainerItemProxy */ = {
			isa = PBXContainerItemProxy;
			containerPortal = 632C34AC29078BE50050F354 /* Project object */;
			proxyType = 1;
			remoteGlobalIDString = 632C34B529078C280050F354;
			remoteInfo = "DrawMaze macOS";
		};
		632C34FC29078CEA0050F354 /* PBXContainerItemProxy */ = {
			isa = PBXContainerItemProxy;
			containerPortal = 632C34AC29078BE50050F354 /* Project object */;
			proxyType = 1;
			remoteGlobalIDString = 632C34E529078CE90050F354;
			remoteInfo = "DrawMaze iOS";
		};
		632C350629078CEA0050F354 /* PBXContainerItemProxy */ = {
			isa = PBXContainerItemProxy;
			containerPortal = 632C34AC29078BE50050F354 /* Project object */;
			proxyType = 1;
			remoteGlobalIDString = 632C34E529078CE90050F354;
			remoteInfo = "DrawMaze iOS";
		};
/* End PBXContainerItemProxy section */

/* Begin PBXFileReference section */
		5AF0E0148075573804D82175 /* RenderService.swift */ = {isa = PBXFileReference; fileEncoding = 4; lastKnownFileType = sourcecode.swift; path = RenderService.swift; sourceTree = "<group>"; };
		5AF0E07D7C69584B1216D62E /* Float4Exts.swift */ = {isa = PBXFileReference; fileEncoding = 4; lastKnownFileType = sourcecode.swift; path = Float4Exts.swift; sourceTree = "<group>"; };
		5AF0E174C54DBE4F8052AC03 /* ScreenDimensions.swift */ = {isa = PBXFileReference; fileEncoding = 4; lastKnownFileType = sourcecode.swift; path = ScreenDimensions.swift; sourceTree = "<group>"; };
		5AF0E1A5497D0AA1CB81D18D /* Input.swift */ = {isa = PBXFileReference; fileEncoding = 4; lastKnownFileType = sourcecode.swift; path = Input.swift; sourceTree = "<group>"; };
		5AF0E1BDB22191FE42E34E80 /* RNDRRenderer.swift */ = {isa = PBXFileReference; fileEncoding = 4; lastKnownFileType = sourcecode.swift; path = RNDRRenderer.swift; sourceTree = "<group>"; };
		5AF0E2B2BDE7613818C19ABC /* Wall.swift */ = {isa = PBXFileReference; fileEncoding = 4; lastKnownFileType = sourcecode.swift; path = Wall.swift; sourceTree = "<group>"; };
		5AF0E3C174CEC29B333EF111 /* Float2x2Exts.swift */ = {isa = PBXFileReference; fileEncoding = 4; lastKnownFileType = sourcecode.swift; path = Float2x2Exts.swift; sourceTree = "<group>"; };
		5AF0E4E22870C4F2405A54B5 /* Float4x4Exts.swift */ = {isa = PBXFileReference; fileEncoding = 4; lastKnownFileType = sourcecode.swift; path = Float4x4Exts.swift; sourceTree = "<group>"; };
		5AF0E7A69CB3F21C7DFBB5B1 /* Tile.swift */ = {isa = PBXFileReference; fileEncoding = 4; lastKnownFileType = sourcecode.swift; path = Tile.swift; sourceTree = "<group>"; };
		5AF0E7C2A61D7A72D0C55A87 /* World.swift */ = {isa = PBXFileReference; fileEncoding = 4; lastKnownFileType = sourcecode.swift; path = World.swift; sourceTree = "<group>"; };
		5AF0E7E3DDF775F0B00720E8 /* TileMap.swift */ = {isa = PBXFileReference; fileEncoding = 4; lastKnownFileType = sourcecode.swift; path = TileMap.swift; sourceTree = "<group>"; };
		5AF0E7EF912C9763A5CC5FC8 /* Actor.swift */ = {isa = PBXFileReference; fileEncoding = 4; lastKnownFileType = sourcecode.swift; path = Actor.swift; sourceTree = "<group>"; };
		5AF0E810589299D491809FB1 /* TouchLocation.swift */ = {isa = PBXFileReference; fileEncoding = 4; lastKnownFileType = sourcecode.swift; path = TouchLocation.swift; sourceTree = "<group>"; };
		5AF0E8AC85199D1D06D70D61 /* FileService.swift */ = {isa = PBXFileReference; fileEncoding = 4; lastKnownFileType = sourcecode.swift; path = FileService.swift; sourceTree = "<group>"; };
		5AF0E901810EBDBC9055998B /* levels.json */ = {isa = PBXFileReference; fileEncoding = 4; lastKnownFileType = text.json; path = levels.json; sourceTree = "<group>"; };
		5AF0E9963BD440E55A42FF49 /* Float3x3Exts.swift */ = {isa = PBXFileReference; fileEncoding = 4; lastKnownFileType = sourcecode.swift; path = Float3x3Exts.swift; sourceTree = "<group>"; };
		5AF0E9B50947438189318EBF /* Camera.swift */ = {isa = PBXFileReference; fileEncoding = 4; lastKnownFileType = sourcecode.swift; path = Camera.swift; sourceTree = "<group>"; };
		5AF0EA0B60A7B40DCB2A7519 /* Thing.swift */ = {isa = PBXFileReference; fileEncoding = 4; lastKnownFileType = sourcecode.swift; path = Thing.swift; sourceTree = "<group>"; };
		5AF0EAB90CCB3D98C995C0EC /* Rect.swift */ = {isa = PBXFileReference; fileEncoding = 4; lastKnownFileType = sourcecode.swift; path = Rect.swift; sourceTree = "<group>"; };
		5AF0ED24D672D3503B229FBA /* MapData.swift */ = {isa = PBXFileReference; fileEncoding = 4; lastKnownFileType = sourcecode.swift; path = MapData.swift; sourceTree = "<group>"; };
		5AF0EDE885A998F8DD7DE175 /* Model.swift */ = {isa = PBXFileReference; fileEncoding = 4; lastKnownFileType = sourcecode.swift; path = Model.swift; sourceTree = "<group>"; };
		5AF0EE0AD9A16979E3E6B597 /* AppCoreConfig.swift */ = {isa = PBXFileReference; fileEncoding = 4; lastKnownFileType = sourcecode.swift; path = AppCoreConfig.swift; sourceTree = "<group>"; };
		5AF0EE29190E895016D01D73 /* AppCoreContext.swift */ = {isa = PBXFileReference; fileEncoding = 4; lastKnownFileType = sourcecode.swift; path = AppCoreContext.swift; sourceTree = "<group>"; };
		5AF0EF00BE815E18E912B1D4 /* Button.swift */ = {isa = PBXFileReference; fileEncoding = 4; lastKnownFileType = sourcecode.swift; path = Button.swift; sourceTree = "<group>"; };
		5AF0EF0712B515A5BDD0ED65 /* AppCore.swift */ = {isa = PBXFileReference; fileEncoding = 4; lastKnownFileType = sourcecode.swift; path = AppCore.swift; sourceTree = "<group>"; };
		5AF0EF41E46C82A6B15E4808 /* Game.swift */ = {isa = PBXFileReference; fileEncoding = 4; lastKnownFileType = sourcecode.swift; path = Game.swift; sourceTree = "<group>"; };
		5AF0EFE18A1FB571B27B9EE4 /* AppCoreServiceFactory.swift */ = {isa = PBXFileReference; fileEncoding = 4; lastKnownFileType = sourcecode.swift; path = AppCoreServiceFactory.swift; sourceTree = "<group>"; };
		632C34B629078C280050F354 /* DrawMaze macOS.app */ = {isa = PBXFileReference; explicitFileType = wrapper.application; includeInIndex = 0; path = "DrawMaze macOS.app"; sourceTree = BUILT_PRODUCTS_DIR; };
		632C34B929078C280050F354 /* AppDelegate.swift */ = {isa = PBXFileReference; lastKnownFileType = sourcecode.swift; path = AppDelegate.swift; sourceTree = "<group>"; };
		632C34BB29078C280050F354 /* ViewController.swift */ = {isa = PBXFileReference; lastKnownFileType = sourcecode.swift; path = ViewController.swift; sourceTree = "<group>"; };
		632C34BD29078C290050F354 /* Assets.xcassets */ = {isa = PBXFileReference; lastKnownFileType = folder.assetcatalog; path = Assets.xcassets; sourceTree = "<group>"; };
		632C34C029078C290050F354 /* Base */ = {isa = PBXFileReference; lastKnownFileType = file.storyboard; name = Base; path = Base.lproj/Main.storyboard; sourceTree = "<group>"; };
		632C34C229078C290050F354 /* DrawMaze_macOS.entitlements */ = {isa = PBXFileReference; lastKnownFileType = text.plist.entitlements; path = DrawMaze_macOS.entitlements; sourceTree = "<group>"; };
		632C34C729078C290050F354 /* DrawMaze macOSTests.xctest */ = {isa = PBXFileReference; explicitFileType = wrapper.cfbundle; includeInIndex = 0; path = "DrawMaze macOSTests.xctest"; sourceTree = BUILT_PRODUCTS_DIR; };
		632C34CB29078C290050F354 /* DrawMaze_macOSTests.swift */ = {isa = PBXFileReference; lastKnownFileType = sourcecode.swift; path = DrawMaze_macOSTests.swift; sourceTree = "<group>"; };
		632C34D129078C290050F354 /* DrawMaze macOSUITests.xctest */ = {isa = PBXFileReference; explicitFileType = wrapper.cfbundle; includeInIndex = 0; path = "DrawMaze macOSUITests.xctest"; sourceTree = BUILT_PRODUCTS_DIR; };
		632C34D529078C290050F354 /* DrawMaze_macOSUITests.swift */ = {isa = PBXFileReference; lastKnownFileType = sourcecode.swift; path = DrawMaze_macOSUITests.swift; sourceTree = "<group>"; };
		632C34D729078C290050F354 /* DrawMaze_macOSUITestsLaunchTests.swift */ = {isa = PBXFileReference; lastKnownFileType = sourcecode.swift; path = DrawMaze_macOSUITestsLaunchTests.swift; sourceTree = "<group>"; };
		632C34E629078CE90050F354 /* DrawMaze iOS.app */ = {isa = PBXFileReference; explicitFileType = wrapper.application; includeInIndex = 0; path = "DrawMaze iOS.app"; sourceTree = BUILT_PRODUCTS_DIR; };
		632C34E829078CE90050F354 /* AppDelegate.swift */ = {isa = PBXFileReference; lastKnownFileType = sourcecode.swift; path = AppDelegate.swift; sourceTree = "<group>"; };
		632C34EA29078CE90050F354 /* SceneDelegate.swift */ = {isa = PBXFileReference; lastKnownFileType = sourcecode.swift; path = SceneDelegate.swift; sourceTree = "<group>"; };
		632C34EC29078CE90050F354 /* GameViewController.swift */ = {isa = PBXFileReference; lastKnownFileType = sourcecode.swift; path = GameViewController.swift; sourceTree = "<group>"; };
		632C34EF29078CE90050F354 /* Base */ = {isa = PBXFileReference; lastKnownFileType = file.storyboard; name = Base; path = Base.lproj/Main.storyboard; sourceTree = "<group>"; };
		632C34F129078CEA0050F354 /* Assets.xcassets */ = {isa = PBXFileReference; lastKnownFileType = folder.assetcatalog; path = Assets.xcassets; sourceTree = "<group>"; };
		632C34F429078CEA0050F354 /* Base */ = {isa = PBXFileReference; lastKnownFileType = file.storyboard; name = Base; path = Base.lproj/LaunchScreen.storyboard; sourceTree = "<group>"; };
		632C34F629078CEA0050F354 /* Info.plist */ = {isa = PBXFileReference; lastKnownFileType = text.plist.xml; path = Info.plist; sourceTree = "<group>"; };
		632C34FB29078CEA0050F354 /* DrawMaze iOSTests.xctest */ = {isa = PBXFileReference; explicitFileType = wrapper.cfbundle; includeInIndex = 0; path = "DrawMaze iOSTests.xctest"; sourceTree = BUILT_PRODUCTS_DIR; };
		632C34FF29078CEA0050F354 /* DrawMaze_iOSTests.swift */ = {isa = PBXFileReference; lastKnownFileType = sourcecode.swift; path = DrawMaze_iOSTests.swift; sourceTree = "<group>"; };
		632C350529078CEA0050F354 /* DrawMaze iOSUITests.xctest */ = {isa = PBXFileReference; explicitFileType = wrapper.cfbundle; includeInIndex = 0; path = "DrawMaze iOSUITests.xctest"; sourceTree = BUILT_PRODUCTS_DIR; };
		632C350929078CEB0050F354 /* DrawMaze_iOSUITests.swift */ = {isa = PBXFileReference; lastKnownFileType = sourcecode.swift; path = DrawMaze_iOSUITests.swift; sourceTree = "<group>"; };
		632C350B29078CEB0050F354 /* DrawMaze_iOSUITestsLaunchTests.swift */ = {isa = PBXFileReference; lastKnownFileType = sourcecode.swift; path = DrawMaze_iOSUITestsLaunchTests.swift; sourceTree = "<group>"; };
		632C351B29078EAB0050F354 /* AppCoreTests.swift */ = {isa = PBXFileReference; fileEncoding = 4; lastKnownFileType = sourcecode.swift; path = AppCoreTests.swift; sourceTree = "<group>"; };
		634673E2296D1EDE00A77CFB /* ScopeFunctions.swift */ = {isa = PBXFileReference; lastKnownFileType = sourcecode.swift; path = ScopeFunctions.swift; sourceTree = "<group>"; };
		634DC4BA296530A4004083ED /* FloatExts.swift */ = {isa = PBXFileReference; lastKnownFileType = sourcecode.swift; path = FloatExts.swift; sourceTree = "<group>"; };
		634DC4BD2965315E004083ED /* Float2Exts.swift */ = {isa = PBXFileReference; fileEncoding = 4; lastKnownFileType = sourcecode.swift; path = Float2Exts.swift; sourceTree = "<group>"; };
		634DC4C02965323A004083ED /* Float3Exts.swift */ = {isa = PBXFileReference; fileEncoding = 4; lastKnownFileType = sourcecode.swift; path = Float3Exts.swift; sourceTree = "<group>"; };
		637607A5296532FD0078DF20 /* FloatExtTests.swift */ = {isa = PBXFileReference; fileEncoding = 4; lastKnownFileType = sourcecode.swift; path = FloatExtTests.swift; sourceTree = "<group>"; };
		637607A7296536990078DF20 /* DoubleExts.swift */ = {isa = PBXFileReference; fileEncoding = 4; lastKnownFileType = sourcecode.swift; path = DoubleExts.swift; sourceTree = "<group>"; };
		637607AA296536C80078DF20 /* IntExts.swift */ = {isa = PBXFileReference; fileEncoding = 4; lastKnownFileType = sourcecode.swift; path = IntExts.swift; sourceTree = "<group>"; };
		63DDDA8F296D192D0013605A /* Shaders.metal */ = {isa = PBXFileReference; lastKnownFileType = sourcecode.metal; path = Shaders.metal; sourceTree = "<group>"; };
/* End PBXFileReference section */

/* Begin PBXFrameworksBuildPhase section */
		632C34B329078C280050F354 /* Frameworks */ = {
			isa = PBXFrameworksBuildPhase;
			buildActionMask = 2147483647;
			files = (
			);
			runOnlyForDeploymentPostprocessing = 0;
		};
		632C34C429078C290050F354 /* Frameworks */ = {
			isa = PBXFrameworksBuildPhase;
			buildActionMask = 2147483647;
			files = (
			);
			runOnlyForDeploymentPostprocessing = 0;
		};
		632C34CE29078C290050F354 /* Frameworks */ = {
			isa = PBXFrameworksBuildPhase;
			buildActionMask = 2147483647;
			files = (
			);
			runOnlyForDeploymentPostprocessing = 0;
		};
		632C34E329078CE90050F354 /* Frameworks */ = {
			isa = PBXFrameworksBuildPhase;
			buildActionMask = 2147483647;
			files = (
			);
			runOnlyForDeploymentPostprocessing = 0;
		};
		632C34F829078CEA0050F354 /* Frameworks */ = {
			isa = PBXFrameworksBuildPhase;
			buildActionMask = 2147483647;
			files = (
			);
			runOnlyForDeploymentPostprocessing = 0;
		};
		632C350229078CEA0050F354 /* Frameworks */ = {
			isa = PBXFrameworksBuildPhase;
			buildActionMask = 2147483647;
			files = (
			);
			runOnlyForDeploymentPostprocessing = 0;
		};
/* End PBXFrameworksBuildPhase section */

/* Begin PBXGroup section */
		5AF0E0ABBD30D9150664443F /* AppCore */ = {
			isa = PBXGroup;
			children = (
				5AF0EF0712B515A5BDD0ED65 /* AppCore.swift */,
				5AF0EE29190E895016D01D73 /* AppCoreContext.swift */,
				5AF0EE0AD9A16979E3E6B597 /* AppCoreConfig.swift */,
				5AF0EFE18A1FB571B27B9EE4 /* AppCoreServiceFactory.swift */,
			);
			path = AppCore;
			sourceTree = "<group>";
		};
		5AF0E2CE0ED4664F7EC4723C /* Game */ = {
			isa = PBXGroup;
			children = (
				5AF0EF41E46C82A6B15E4808 /* Game.swift */,
				5AF0E1A5497D0AA1CB81D18D /* Input.swift */,
				5AF0E73AEB088A1FD394FAA4 /* Actor */,
				5AF0ED24D672D3503B229FBA /* MapData.swift */,
				5AF0EAB90CCB3D98C995C0EC /* Rect.swift */,
				5AF0EA0B60A7B40DCB2A7519 /* Thing.swift */,
				5AF0E7A69CB3F21C7DFBB5B1 /* Tile.swift */,
				5AF0E7E3DDF775F0B00720E8 /* TileMap.swift */,
				5AF0E7C2A61D7A72D0C55A87 /* World.swift */,
			);
			path = Game;
			sourceTree = "<group>";
		};
		5AF0E73AEB088A1FD394FAA4 /* Actor */ = {
			isa = PBXGroup;
			children = (
				5AF0E9B50947438189318EBF /* Camera.swift */,
				5AF0E7EF912C9763A5CC5FC8 /* Actor.swift */,
				5AF0E2B2BDE7613818C19ABC /* Wall.swift */,
				5AF0E810589299D491809FB1 /* TouchLocation.swift */,
				5AF0EF00BE815E18E912B1D4 /* Button.swift */,
			);
			path = Actor;
			sourceTree = "<group>";
		};
		5AF0E8368A8C924178230ABF /* Services */ = {
			isa = PBXGroup;
			children = (
				5AF0E0148075573804D82175 /* RenderService.swift */,
				5AF0E8AC85199D1D06D70D61 /* FileService.swift */,
			);
			path = Services;
			sourceTree = "<group>";
		};
		5AF0EF95555E4C553B65E146 /* Render */ = {
			isa = PBXGroup;
			children = (
				5AF0E1BDB22191FE42E34E80 /* RNDRRenderer.swift */,
				5AF0EDE885A998F8DD7DE175 /* Model.swift */,
				5AF0E174C54DBE4F8052AC03 /* ScreenDimensions.swift */,
			);
			path = Render;
			sourceTree = "<group>";
		};
		632C34AB29078BE50050F354 = {
			isa = PBXGroup;
			children = (
				632C351629078D0B0050F354 /* DrawMaze Shared */,
				632C34B829078C280050F354 /* DrawMaze macOS */,
				632C34CA29078C290050F354 /* DrawMaze macOSTests */,
				632C34D429078C290050F354 /* DrawMaze macOSUITests */,
				632C34E729078CE90050F354 /* DrawMaze iOS */,
				632C34FE29078CEA0050F354 /* DrawMaze iOSTests */,
				632C350829078CEA0050F354 /* DrawMaze iOSUITests */,
				632C34B729078C280050F354 /* Products */,
			);
			sourceTree = "<group>";
		};
		632C34B729078C280050F354 /* Products */ = {
			isa = PBXGroup;
			children = (
				632C34B629078C280050F354 /* DrawMaze macOS.app */,
				632C34C729078C290050F354 /* DrawMaze macOSTests.xctest */,
				632C34D129078C290050F354 /* DrawMaze macOSUITests.xctest */,
				632C34E629078CE90050F354 /* DrawMaze iOS.app */,
				632C34FB29078CEA0050F354 /* DrawMaze iOSTests.xctest */,
				632C350529078CEA0050F354 /* DrawMaze iOSUITests.xctest */,
			);
			name = Products;
			sourceTree = "<group>";
		};
		632C34B829078C280050F354 /* DrawMaze macOS */ = {
			isa = PBXGroup;
			children = (
				632C34B929078C280050F354 /* AppDelegate.swift */,
				632C34BB29078C280050F354 /* ViewController.swift */,
				632C34BD29078C290050F354 /* Assets.xcassets */,
				632C34BF29078C290050F354 /* Main.storyboard */,
				632C34C229078C290050F354 /* DrawMaze_macOS.entitlements */,
			);
			path = "DrawMaze macOS";
			sourceTree = "<group>";
		};
		632C34CA29078C290050F354 /* DrawMaze macOSTests */ = {
			isa = PBXGroup;
			children = (
				632C34CB29078C290050F354 /* DrawMaze_macOSTests.swift */,
			);
			path = "DrawMaze macOSTests";
			sourceTree = "<group>";
		};
		632C34D429078C290050F354 /* DrawMaze macOSUITests */ = {
			isa = PBXGroup;
			children = (
				632C34D529078C290050F354 /* DrawMaze_macOSUITests.swift */,
				632C34D729078C290050F354 /* DrawMaze_macOSUITestsLaunchTests.swift */,
			);
			path = "DrawMaze macOSUITests";
			sourceTree = "<group>";
		};
		632C34E729078CE90050F354 /* DrawMaze iOS */ = {
			isa = PBXGroup;
			children = (
				632C34E829078CE90050F354 /* AppDelegate.swift */,
				632C34EA29078CE90050F354 /* SceneDelegate.swift */,
				632C34EC29078CE90050F354 /* GameViewController.swift */,
				632C34EE29078CE90050F354 /* Main.storyboard */,
				632C34F129078CEA0050F354 /* Assets.xcassets */,
				632C34F329078CEA0050F354 /* LaunchScreen.storyboard */,
				632C34F629078CEA0050F354 /* Info.plist */,
			);
			path = "DrawMaze iOS";
			sourceTree = "<group>";
		};
		632C34FE29078CEA0050F354 /* DrawMaze iOSTests */ = {
			isa = PBXGroup;
			children = (
				632C351A29078E700050F354 /* Shared */,
				632C34FF29078CEA0050F354 /* DrawMaze_iOSTests.swift */,
			);
			path = "DrawMaze iOSTests";
			sourceTree = "<group>";
		};
		632C350829078CEA0050F354 /* DrawMaze iOSUITests */ = {
			isa = PBXGroup;
			children = (
				632C350929078CEB0050F354 /* DrawMaze_iOSUITests.swift */,
				632C350B29078CEB0050F354 /* DrawMaze_iOSUITestsLaunchTests.swift */,
			);
			path = "DrawMaze iOSUITests";
			sourceTree = "<group>";
		};
		632C351629078D0B0050F354 /* DrawMaze Shared */ = {
			isa = PBXGroup;
			children = (
				5AF0E901810EBDBC9055998B /* levels.json */,
				5AF0E0ABBD30D9150664443F /* AppCore */,
				5AF0E2CE0ED4664F7EC4723C /* Game */,
				634DC4B929653080004083ED /* Math */,
				5AF0EF95555E4C553B65E146 /* Render */,
				5AF0E8368A8C924178230ABF /* Services */,
				63DDDA8E296D18C30013605A /* Shaders */,
				634673E2296D1EDE00A77CFB /* ScopeFunctions.swift */,
			);
			path = "DrawMaze Shared";
			sourceTree = "<group>";
		};
		632C351A29078E700050F354 /* Shared */ = {
			isa = PBXGroup;
			children = (
				637607A4296532D40078DF20 /* Math */,
				6370FB972964E64700D8CB35 /* AppCore */,
			);
			name = Shared;
			path = "../DrawMaze macOSTests/Shared";
			sourceTree = "<group>";
		};
		634DC4B929653080004083ED /* Math */ = {
			isa = PBXGroup;
			children = (
				637607A7296536990078DF20 /* DoubleExts.swift */,
				634DC4BA296530A4004083ED /* FloatExts.swift */,
				634DC4BD2965315E004083ED /* Float2Exts.swift */,
				634DC4C02965323A004083ED /* Float3Exts.swift */,
				637607AA296536C80078DF20 /* IntExts.swift */,
				5AF0E07D7C69584B1216D62E /* Float4Exts.swift */,
				5AF0E4E22870C4F2405A54B5 /* Float4x4Exts.swift */,
				5AF0E9963BD440E55A42FF49 /* Float3x3Exts.swift */,
				5AF0E3C174CEC29B333EF111 /* Float2x2Exts.swift */,
			);
			path = Math;
			sourceTree = "<group>";
		};
		6370FB972964E64700D8CB35 /* AppCore */ = {
			isa = PBXGroup;
			children = (
				632C351B29078EAB0050F354 /* AppCoreTests.swift */,
			);
			path = AppCore;
			sourceTree = "<group>";
		};
		637607A4296532D40078DF20 /* Math */ = {
			isa = PBXGroup;
			children = (
				637607A5296532FD0078DF20 /* FloatExtTests.swift */,
			);
			path = Math;
			sourceTree = "<group>";
		};
		63DDDA8E296D18C30013605A /* Shaders */ = {
			isa = PBXGroup;
			children = (
				63DDDA8F296D192D0013605A /* Shaders.metal */,
			);
			path = Shaders;
			sourceTree = "<group>";
		};
/* End PBXGroup section */

/* Begin PBXNativeTarget section */
		632C34B529078C280050F354 /* DrawMaze macOS */ = {
			isa = PBXNativeTarget;
			buildConfigurationList = 632C34D929078C290050F354 /* Build configuration list for PBXNativeTarget "DrawMaze macOS" */;
			buildPhases = (
				632C34B229078C280050F354 /* Sources */,
				632C34B329078C280050F354 /* Frameworks */,
				632C34B429078C280050F354 /* Resources */,
			);
			buildRules = (
			);
			dependencies = (
			);
			name = "DrawMaze macOS";
			productName = "DrawMaze macOS";
			productReference = 632C34B629078C280050F354 /* DrawMaze macOS.app */;
			productType = "com.apple.product-type.application";
		};
		632C34C629078C290050F354 /* DrawMaze macOSTests */ = {
			isa = PBXNativeTarget;
			buildConfigurationList = 632C34DC29078C290050F354 /* Build configuration list for PBXNativeTarget "DrawMaze macOSTests" */;
			buildPhases = (
				632C34C329078C290050F354 /* Sources */,
				632C34C429078C290050F354 /* Frameworks */,
				632C34C529078C290050F354 /* Resources */,
			);
			buildRules = (
			);
			dependencies = (
				632C34C929078C290050F354 /* PBXTargetDependency */,
			);
			name = "DrawMaze macOSTests";
			productName = "DrawMaze macOSTests";
			productReference = 632C34C729078C290050F354 /* DrawMaze macOSTests.xctest */;
			productType = "com.apple.product-type.bundle.unit-test";
		};
		632C34D029078C290050F354 /* DrawMaze macOSUITests */ = {
			isa = PBXNativeTarget;
			buildConfigurationList = 632C34DF29078C290050F354 /* Build configuration list for PBXNativeTarget "DrawMaze macOSUITests" */;
			buildPhases = (
				632C34CD29078C290050F354 /* Sources */,
				632C34CE29078C290050F354 /* Frameworks */,
				632C34CF29078C290050F354 /* Resources */,
			);
			buildRules = (
			);
			dependencies = (
				632C34D329078C290050F354 /* PBXTargetDependency */,
			);
			name = "DrawMaze macOSUITests";
			productName = "DrawMaze macOSUITests";
			productReference = 632C34D129078C290050F354 /* DrawMaze macOSUITests.xctest */;
			productType = "com.apple.product-type.bundle.ui-testing";
		};
		632C34E529078CE90050F354 /* DrawMaze iOS */ = {
			isa = PBXNativeTarget;
			buildConfigurationList = 632C350D29078CEB0050F354 /* Build configuration list for PBXNativeTarget "DrawMaze iOS" */;
			buildPhases = (
				632C34E229078CE90050F354 /* Sources */,
				632C34E329078CE90050F354 /* Frameworks */,
				632C34E429078CE90050F354 /* Resources */,
			);
			buildRules = (
			);
			dependencies = (
			);
			name = "DrawMaze iOS";
			productName = "DrawMaze iOS";
			productReference = 632C34E629078CE90050F354 /* DrawMaze iOS.app */;
			productType = "com.apple.product-type.application";
		};
		632C34FA29078CEA0050F354 /* DrawMaze iOSTests */ = {
			isa = PBXNativeTarget;
			buildConfigurationList = 632C351029078CEB0050F354 /* Build configuration list for PBXNativeTarget "DrawMaze iOSTests" */;
			buildPhases = (
				632C34F729078CEA0050F354 /* Sources */,
				632C34F829078CEA0050F354 /* Frameworks */,
				632C34F929078CEA0050F354 /* Resources */,
			);
			buildRules = (
			);
			dependencies = (
				632C34FD29078CEA0050F354 /* PBXTargetDependency */,
			);
			name = "DrawMaze iOSTests";
			productName = "DrawMaze iOSTests";
			productReference = 632C34FB29078CEA0050F354 /* DrawMaze iOSTests.xctest */;
			productType = "com.apple.product-type.bundle.unit-test";
		};
		632C350429078CEA0050F354 /* DrawMaze iOSUITests */ = {
			isa = PBXNativeTarget;
			buildConfigurationList = 632C351329078CEB0050F354 /* Build configuration list for PBXNativeTarget "DrawMaze iOSUITests" */;
			buildPhases = (
				632C350129078CEA0050F354 /* Sources */,
				632C350229078CEA0050F354 /* Frameworks */,
				632C350329078CEA0050F354 /* Resources */,
			);
			buildRules = (
			);
			dependencies = (
				632C350729078CEA0050F354 /* PBXTargetDependency */,
			);
			name = "DrawMaze iOSUITests";
			productName = "DrawMaze iOSUITests";
			productReference = 632C350529078CEA0050F354 /* DrawMaze iOSUITests.xctest */;
			productType = "com.apple.product-type.bundle.ui-testing";
		};
/* End PBXNativeTarget section */

/* Begin PBXProject section */
		632C34AC29078BE50050F354 /* Project object */ = {
			isa = PBXProject;
			attributes = {
				BuildIndependentTargetsInParallel = 1;
				LastSwiftUpdateCheck = 1400;
				LastUpgradeCheck = 1420;
				TargetAttributes = {
					632C34B529078C280050F354 = {
						CreatedOnToolsVersion = 14.0.1;
					};
					632C34C629078C290050F354 = {
						CreatedOnToolsVersion = 14.0.1;
						TestTargetID = 632C34B529078C280050F354;
					};
					632C34D029078C290050F354 = {
						CreatedOnToolsVersion = 14.0.1;
						TestTargetID = 632C34B529078C280050F354;
					};
					632C34E529078CE90050F354 = {
						CreatedOnToolsVersion = 14.0.1;
					};
					632C34FA29078CEA0050F354 = {
						CreatedOnToolsVersion = 14.0.1;
						TestTargetID = 632C34E529078CE90050F354;
					};
					632C350429078CEA0050F354 = {
						CreatedOnToolsVersion = 14.0.1;
						TestTargetID = 632C34E529078CE90050F354;
					};
				};
			};
			buildConfigurationList = 632C34AF29078BE50050F354 /* Build configuration list for PBXProject "DrawMaze" */;
			compatibilityVersion = "Xcode 14.0";
			developmentRegion = en;
			hasScannedForEncodings = 0;
			knownRegions = (
				en,
				Base,
			);
			mainGroup = 632C34AB29078BE50050F354;
			productRefGroup = 632C34B729078C280050F354 /* Products */;
			projectDirPath = "";
			projectRoot = "";
			targets = (
				632C34B529078C280050F354 /* DrawMaze macOS */,
				632C34C629078C290050F354 /* DrawMaze macOSTests */,
				632C34D029078C290050F354 /* DrawMaze macOSUITests */,
				632C34E529078CE90050F354 /* DrawMaze iOS */,
				632C34FA29078CEA0050F354 /* DrawMaze iOSTests */,
				632C350429078CEA0050F354 /* DrawMaze iOSUITests */,
			);
		};
/* End PBXProject section */

/* Begin PBXResourcesBuildPhase section */
		632C34B429078C280050F354 /* Resources */ = {
			isa = PBXResourcesBuildPhase;
			buildActionMask = 2147483647;
			files = (
				632C34BE29078C290050F354 /* Assets.xcassets in Resources */,
				632C34C129078C290050F354 /* Main.storyboard in Resources */,
				5AF0E8DBD467FEC9D060B796 /* levels.json in Resources */,
			);
			runOnlyForDeploymentPostprocessing = 0;
		};
		632C34C529078C290050F354 /* Resources */ = {
			isa = PBXResourcesBuildPhase;
			buildActionMask = 2147483647;
			files = (
			);
			runOnlyForDeploymentPostprocessing = 0;
		};
		632C34CF29078C290050F354 /* Resources */ = {
			isa = PBXResourcesBuildPhase;
			buildActionMask = 2147483647;
			files = (
			);
			runOnlyForDeploymentPostprocessing = 0;
		};
		632C34E429078CE90050F354 /* Resources */ = {
			isa = PBXResourcesBuildPhase;
			buildActionMask = 2147483647;
			files = (
				632C34F529078CEA0050F354 /* LaunchScreen.storyboard in Resources */,
				632C34F229078CEA0050F354 /* Assets.xcassets in Resources */,
				632C34F029078CE90050F354 /* Main.storyboard in Resources */,
				5AF0E298A230718A49B35B33 /* levels.json in Resources */,
			);
			runOnlyForDeploymentPostprocessing = 0;
		};
		632C34F929078CEA0050F354 /* Resources */ = {
			isa = PBXResourcesBuildPhase;
			buildActionMask = 2147483647;
			files = (
			);
			runOnlyForDeploymentPostprocessing = 0;
		};
		632C350329078CEA0050F354 /* Resources */ = {
			isa = PBXResourcesBuildPhase;
			buildActionMask = 2147483647;
			files = (
			);
			runOnlyForDeploymentPostprocessing = 0;
		};
/* End PBXResourcesBuildPhase section */

/* Begin PBXSourcesBuildPhase section */
		632C34B229078C280050F354 /* Sources */ = {
			isa = PBXSourcesBuildPhase;
			buildActionMask = 2147483647;
			files = (
				632C34BC29078C280050F354 /* ViewController.swift in Sources */,
				637607AB296536C80078DF20 /* IntExts.swift in Sources */,
				632C34BA29078C280050F354 /* AppDelegate.swift in Sources */,
				5AF0EF6A5D0C02944C4FEBEC /* AppCore.swift in Sources */,
				5AF0EECD66C82C639065C4AC /* AppCoreContext.swift in Sources */,
				5AF0EE54B43D6A078E5D64A1 /* AppCoreConfig.swift in Sources */,
				634DC4BE2965315E004083ED /* Float2Exts.swift in Sources */,
				637607A8296536990078DF20 /* DoubleExts.swift in Sources */,
				5AF0ED71090F95BE7BDBD0CE /* RNDRRenderer.swift in Sources */,
				5AF0E320D78052928C5E0C48 /* RenderService.swift in Sources */,
				634DC4C12965323A004083ED /* Float3Exts.swift in Sources */,
				634DC4BB296530A4004083ED /* FloatExts.swift in Sources */,
				5AF0EE8FD851C3F7FC304E01 /* AppCoreServiceFactory.swift in Sources */,
				5AF0EEE23F56B420A9D9A890 /* Float4Exts.swift in Sources */,
				5AF0E3277FD90C3C0EFCCAE9 /* Float4x4Exts.swift in Sources */,
				5AF0E2C084E35BF56CD69009 /* Float3x3Exts.swift in Sources */,
				5AF0EE8B51FB093F2FB5F2A3 /* Float2x2Exts.swift in Sources */,
				5AF0E3BD27EF01D01B982EFC /* Game.swift in Sources */,
				5AF0E8AD15B9405BDF01E5A0 /* Input.swift in Sources */,
				5AF0EC9B4F44FB10BF01F2DA /* Camera.swift in Sources */,
				5AF0E2B7E41D5BC4069C3461 /* MapData.swift in Sources */,
				5AF0E03A62BE8C96B68A21E9 /* Rect.swift in Sources */,
				5AF0E13AC2AD29C013C3F3D3 /* Thing.swift in Sources */,
				5AF0E3DA30273901735F1A92 /* Tile.swift in Sources */,
				5AF0EFFD83C29E9AE7FA126A /* TileMap.swift in Sources */,
				5AF0ED006E8E93F6C94590B6 /* World.swift in Sources */,
				634673E3296D1EDE00A77CFB /* ScopeFunctions.swift in Sources */,
				5AF0E2DB089CC406A1DDCE49 /* FileService.swift in Sources */,
				5AF0E348EE50019AFD4C3976 /* Actor.swift in Sources */,
				5AF0E2021FFF1A23F257CE8E /* Model.swift in Sources */,
				5AF0E8AF11535468DC073109 /* Wall.swift in Sources */,
				63DDDA90296D192D0013605A /* Shaders.metal in Sources */,
				5AF0EFA74A5AA3108FEB9606 /* ScreenDimensions.swift in Sources */,
				5AF0EAA7783C718B821430A8 /* TouchLocation.swift in Sources */,
				5AF0EEBB62D00E5CFC4AA877 /* Button.swift in Sources */,
			);
			runOnlyForDeploymentPostprocessing = 0;
		};
		632C34C329078C290050F354 /* Sources */ = {
			isa = PBXSourcesBuildPhase;
			buildActionMask = 2147483647;
			files = (
				632C34CC29078C290050F354 /* DrawMaze_macOSTests.swift in Sources */,
			);
			runOnlyForDeploymentPostprocessing = 0;
		};
		632C34CD29078C290050F354 /* Sources */ = {
			isa = PBXSourcesBuildPhase;
			buildActionMask = 2147483647;
			files = (
				632C34D629078C290050F354 /* DrawMaze_macOSUITests.swift in Sources */,
				632C34D829078C290050F354 /* DrawMaze_macOSUITestsLaunchTests.swift in Sources */,
			);
			runOnlyForDeploymentPostprocessing = 0;
		};
		632C34E229078CE90050F354 /* Sources */ = {
			isa = PBXSourcesBuildPhase;
			buildActionMask = 2147483647;
			files = (
				634DC4BC296530A4004083ED /* FloatExts.swift in Sources */,
				632C34ED29078CE90050F354 /* GameViewController.swift in Sources */,
				632C34E929078CE90050F354 /* AppDelegate.swift in Sources */,
				634DC4BF2965315E004083ED /* Float2Exts.swift in Sources */,
				63DDDA91296D192D0013605A /* Shaders.metal in Sources */,
				632C34EB29078CE90050F354 /* SceneDelegate.swift in Sources */,
				637607A9296536990078DF20 /* DoubleExts.swift in Sources */,
				5AF0E1F660939DC77B535E2F /* AppCore.swift in Sources */,
				5AF0E6C4C8C316458A49FB45 /* AppCoreContext.swift in Sources */,
				5AF0ED88557F5AA357AA23D5 /* AppCoreConfig.swift in Sources */,
				637607AC296536C80078DF20 /* IntExts.swift in Sources */,
				634DC4C22965323A004083ED /* Float3Exts.swift in Sources */,
				5AF0E952A054A00A4E6A32C5 /* RNDRRenderer.swift in Sources */,
				5AF0E7DC4FB39F532F4462E6 /* RenderService.swift in Sources */,
				5AF0E521C9300F630D0B976B /* AppCoreServiceFactory.swift in Sources */,
				5AF0EA3963F245353C95396C /* Float4Exts.swift in Sources */,
				5AF0EB87B0584495A996C48A /* Float4x4Exts.swift in Sources */,
				5AF0EB11E60F21FE55B80ACB /* Float3x3Exts.swift in Sources */,
				5AF0E5FE5DB42AAAED80AFFC /* Float2x2Exts.swift in Sources */,
				5AF0E10DFDF0957A312D6CC7 /* Game.swift in Sources */,
				5AF0E87157F98C14E974BF62 /* Input.swift in Sources */,
				5AF0E68D4FF9BACAB784ADCE /* Camera.swift in Sources */,
				5AF0E709CAD9F8B2CEDF623A /* MapData.swift in Sources */,
				5AF0EE63292B366278F58456 /* Rect.swift in Sources */,
				5AF0E05ECF38AD89B02B5103 /* Thing.swift in Sources */,
				5AF0E22C4E5B10B86DE0EC3A /* Tile.swift in Sources */,
				5AF0E76B11DC4F071E6F1853 /* TileMap.swift in Sources */,
				5AF0E6EE0F387AAFD9795719 /* World.swift in Sources */,
				5AF0E7BA6C30A760EA6B1C93 /* FileService.swift in Sources */,
				5AF0E65AAF3BC27461677878 /* Actor.swift in Sources */,
				634673E4296D1EDE00A77CFB /* ScopeFunctions.swift in Sources */,
				5AF0E41E83CC02786B007E55 /* Model.swift in Sources */,
				5AF0EC85D570462A6D8C880B /* Wall.swift in Sources */,
				5AF0E61D5C0F39869B36DA4B /* ScreenDimensions.swift in Sources */,
				5AF0EFE4EE80BDC96321A7A1 /* TouchLocation.swift in Sources */,
				5AF0ED5F81332194B0EA9D9F /* Button.swift in Sources */,
			);
			runOnlyForDeploymentPostprocessing = 0;
		};
		632C34F729078CEA0050F354 /* Sources */ = {
			isa = PBXSourcesBuildPhase;
			buildActionMask = 2147483647;
			files = (
				635E89E429667976007F1ABE /* FloatExtTests.swift in Sources */,
				632C350029078CEA0050F354 /* DrawMaze_iOSTests.swift in Sources */,
				635E89E52966797D007F1ABE /* AppCoreTests.swift in Sources */,
			);
			runOnlyForDeploymentPostprocessing = 0;
		};
		632C350129078CEA0050F354 /* Sources */ = {
			isa = PBXSourcesBuildPhase;
			buildActionMask = 2147483647;
			files = (
				632C350A29078CEB0050F354 /* DrawMaze_iOSUITests.swift in Sources */,
				632C350C29078CEB0050F354 /* DrawMaze_iOSUITestsLaunchTests.swift in Sources */,
			);
			runOnlyForDeploymentPostprocessing = 0;
		};
/* End PBXSourcesBuildPhase section */

/* Begin PBXTargetDependency section */
		632C34C929078C290050F354 /* PBXTargetDependency */ = {
			isa = PBXTargetDependency;
			target = 632C34B529078C280050F354 /* DrawMaze macOS */;
			targetProxy = 632C34C829078C290050F354 /* PBXContainerItemProxy */;
		};
		632C34D329078C290050F354 /* PBXTargetDependency */ = {
			isa = PBXTargetDependency;
			target = 632C34B529078C280050F354 /* DrawMaze macOS */;
			targetProxy = 632C34D229078C290050F354 /* PBXContainerItemProxy */;
		};
		632C34FD29078CEA0050F354 /* PBXTargetDependency */ = {
			isa = PBXTargetDependency;
			target = 632C34E529078CE90050F354 /* DrawMaze iOS */;
			targetProxy = 632C34FC29078CEA0050F354 /* PBXContainerItemProxy */;
		};
		632C350729078CEA0050F354 /* PBXTargetDependency */ = {
			isa = PBXTargetDependency;
			target = 632C34E529078CE90050F354 /* DrawMaze iOS */;
			targetProxy = 632C350629078CEA0050F354 /* PBXContainerItemProxy */;
		};
/* End PBXTargetDependency section */

/* Begin PBXVariantGroup section */
		632C34BF29078C290050F354 /* Main.storyboard */ = {
			isa = PBXVariantGroup;
			children = (
				632C34C029078C290050F354 /* Base */,
			);
			name = Main.storyboard;
			sourceTree = "<group>";
		};
		632C34EE29078CE90050F354 /* Main.storyboard */ = {
			isa = PBXVariantGroup;
			children = (
				632C34EF29078CE90050F354 /* Base */,
			);
			name = Main.storyboard;
			sourceTree = "<group>";
		};
		632C34F329078CEA0050F354 /* LaunchScreen.storyboard */ = {
			isa = PBXVariantGroup;
			children = (
				632C34F429078CEA0050F354 /* Base */,
			);
			name = LaunchScreen.storyboard;
			sourceTree = "<group>";
		};
/* End PBXVariantGroup section */

/* Begin XCBuildConfiguration section */
		632C34B029078BE50050F354 /* Debug */ = {
			isa = XCBuildConfiguration;
			buildSettings = {
				CLANG_WARN_BLOCK_CAPTURE_AUTORELEASING = YES;
				CLANG_WARN_BOOL_CONVERSION = YES;
				CLANG_WARN_COMMA = YES;
				CLANG_WARN_CONSTANT_CONVERSION = YES;
				CLANG_WARN_DEPRECATED_OBJC_IMPLEMENTATIONS = YES;
				CLANG_WARN_EMPTY_BODY = YES;
				CLANG_WARN_ENUM_CONVERSION = YES;
				CLANG_WARN_INFINITE_RECURSION = YES;
				CLANG_WARN_INT_CONVERSION = YES;
				CLANG_WARN_NON_LITERAL_NULL_CONVERSION = YES;
				CLANG_WARN_OBJC_IMPLICIT_RETAIN_SELF = YES;
				CLANG_WARN_OBJC_LITERAL_CONVERSION = YES;
				CLANG_WARN_QUOTED_INCLUDE_IN_FRAMEWORK_HEADER = YES;
				CLANG_WARN_RANGE_LOOP_ANALYSIS = YES;
				CLANG_WARN_STRICT_PROTOTYPES = YES;
				CLANG_WARN_SUSPICIOUS_MOVE = YES;
				CLANG_WARN_UNREACHABLE_CODE = YES;
				CLANG_WARN__DUPLICATE_METHOD_MATCH = YES;
				DEAD_CODE_STRIPPING = YES;
				ENABLE_STRICT_OBJC_MSGSEND = YES;
				ENABLE_TESTABILITY = YES;
				GCC_NO_COMMON_BLOCKS = YES;
				GCC_WARN_64_TO_32_BIT_CONVERSION = YES;
				GCC_WARN_ABOUT_RETURN_TYPE = YES;
				GCC_WARN_UNDECLARED_SELECTOR = YES;
				GCC_WARN_UNINITIALIZED_AUTOS = YES;
				GCC_WARN_UNUSED_FUNCTION = YES;
				GCC_WARN_UNUSED_VARIABLE = YES;
				ONLY_ACTIVE_ARCH = YES;
			};
			name = Debug;
		};
		632C34B129078BE50050F354 /* Release */ = {
			isa = XCBuildConfiguration;
			buildSettings = {
				CLANG_WARN_BLOCK_CAPTURE_AUTORELEASING = YES;
				CLANG_WARN_BOOL_CONVERSION = YES;
				CLANG_WARN_COMMA = YES;
				CLANG_WARN_CONSTANT_CONVERSION = YES;
				CLANG_WARN_DEPRECATED_OBJC_IMPLEMENTATIONS = YES;
				CLANG_WARN_EMPTY_BODY = YES;
				CLANG_WARN_ENUM_CONVERSION = YES;
				CLANG_WARN_INFINITE_RECURSION = YES;
				CLANG_WARN_INT_CONVERSION = YES;
				CLANG_WARN_NON_LITERAL_NULL_CONVERSION = YES;
				CLANG_WARN_OBJC_IMPLICIT_RETAIN_SELF = YES;
				CLANG_WARN_OBJC_LITERAL_CONVERSION = YES;
				CLANG_WARN_QUOTED_INCLUDE_IN_FRAMEWORK_HEADER = YES;
				CLANG_WARN_RANGE_LOOP_ANALYSIS = YES;
				CLANG_WARN_STRICT_PROTOTYPES = YES;
				CLANG_WARN_SUSPICIOUS_MOVE = YES;
				CLANG_WARN_UNREACHABLE_CODE = YES;
				CLANG_WARN__DUPLICATE_METHOD_MATCH = YES;
				DEAD_CODE_STRIPPING = YES;
				ENABLE_STRICT_OBJC_MSGSEND = YES;
				GCC_NO_COMMON_BLOCKS = YES;
				GCC_WARN_64_TO_32_BIT_CONVERSION = YES;
				GCC_WARN_ABOUT_RETURN_TYPE = YES;
				GCC_WARN_UNDECLARED_SELECTOR = YES;
				GCC_WARN_UNINITIALIZED_AUTOS = YES;
				GCC_WARN_UNUSED_FUNCTION = YES;
				GCC_WARN_UNUSED_VARIABLE = YES;
			};
			name = Release;
		};
		632C34DA29078C290050F354 /* Debug */ = {
			isa = XCBuildConfiguration;
			buildSettings = {
				ALWAYS_SEARCH_USER_PATHS = NO;
				ASSETCATALOG_COMPILER_APPICON_NAME = AppIcon;
				ASSETCATALOG_COMPILER_GLOBAL_ACCENT_COLOR_NAME = AccentColor;
				CLANG_ANALYZER_NONNULL = YES;
				CLANG_ANALYZER_NUMBER_OBJECT_CONVERSION = YES_AGGRESSIVE;
				CLANG_CXX_LANGUAGE_STANDARD = "gnu++20";
				CLANG_ENABLE_MODULES = YES;
				CLANG_ENABLE_OBJC_ARC = YES;
				CLANG_ENABLE_OBJC_WEAK = YES;
				CLANG_WARN_BLOCK_CAPTURE_AUTORELEASING = YES;
				CLANG_WARN_BOOL_CONVERSION = YES;
				CLANG_WARN_COMMA = YES;
				CLANG_WARN_CONSTANT_CONVERSION = YES;
				CLANG_WARN_DEPRECATED_OBJC_IMPLEMENTATIONS = YES;
				CLANG_WARN_DIRECT_OBJC_ISA_USAGE = YES_ERROR;
				CLANG_WARN_DOCUMENTATION_COMMENTS = YES;
				CLANG_WARN_EMPTY_BODY = YES;
				CLANG_WARN_ENUM_CONVERSION = YES;
				CLANG_WARN_INFINITE_RECURSION = YES;
				CLANG_WARN_INT_CONVERSION = YES;
				CLANG_WARN_NON_LITERAL_NULL_CONVERSION = YES;
				CLANG_WARN_OBJC_IMPLICIT_RETAIN_SELF = YES;
				CLANG_WARN_OBJC_LITERAL_CONVERSION = YES;
				CLANG_WARN_OBJC_ROOT_CLASS = YES_ERROR;
				CLANG_WARN_QUOTED_INCLUDE_IN_FRAMEWORK_HEADER = YES;
				CLANG_WARN_RANGE_LOOP_ANALYSIS = YES;
				CLANG_WARN_STRICT_PROTOTYPES = YES;
				CLANG_WARN_SUSPICIOUS_MOVE = YES;
				CLANG_WARN_UNGUARDED_AVAILABILITY = YES_AGGRESSIVE;
				CLANG_WARN_UNREACHABLE_CODE = YES;
				CLANG_WARN__DUPLICATE_METHOD_MATCH = YES;
				CODE_SIGN_ENTITLEMENTS = "DrawMaze macOS/DrawMaze_macOS.entitlements";
				CODE_SIGN_IDENTITY = "-";
				"CODE_SIGN_IDENTITY[sdk=macosx*]" = "Apple Development";
				CODE_SIGN_STYLE = Automatic;
				COMBINE_HIDPI_IMAGES = YES;
				COPY_PHASE_STRIP = NO;
				CURRENT_PROJECT_VERSION = 1;
				DEAD_CODE_STRIPPING = YES;
				DEBUG_INFORMATION_FORMAT = dwarf;
				DEVELOPMENT_TEAM = VUGNZY6N5J;
				ENABLE_HARDENED_RUNTIME = YES;
				ENABLE_STRICT_OBJC_MSGSEND = YES;
				ENABLE_TESTABILITY = YES;
				GCC_C_LANGUAGE_STANDARD = gnu11;
				GCC_DYNAMIC_NO_PIC = NO;
				GCC_NO_COMMON_BLOCKS = YES;
				GCC_OPTIMIZATION_LEVEL = 0;
				GCC_PREPROCESSOR_DEFINITIONS = (
					"DEBUG=1",
					"$(inherited)",
				);
				GCC_WARN_64_TO_32_BIT_CONVERSION = YES;
				GCC_WARN_ABOUT_RETURN_TYPE = YES_ERROR;
				GCC_WARN_UNDECLARED_SELECTOR = YES;
				GCC_WARN_UNINITIALIZED_AUTOS = YES_AGGRESSIVE;
				GCC_WARN_UNUSED_FUNCTION = YES;
				GCC_WARN_UNUSED_VARIABLE = YES;
				GENERATE_INFOPLIST_FILE = YES;
				INFOPLIST_KEY_NSHumanReadableCopyright = "";
				INFOPLIST_KEY_NSMainStoryboardFile = Main;
				INFOPLIST_KEY_NSPrincipalClass = NSApplication;
				LD_RUNPATH_SEARCH_PATHS = (
					"$(inherited)",
					"@executable_path/../Frameworks",
				);
				MACOSX_DEPLOYMENT_TARGET = 13.0;
				MARKETING_VERSION = 1.0;
				MTL_ENABLE_DEBUG_INFO = INCLUDE_SOURCE;
				MTL_FAST_MATH = YES;
				ONLY_ACTIVE_ARCH = YES;
				PRODUCT_BUNDLE_IDENTIFIER = "com.dkanen.DrawMaze-macOS";
				PRODUCT_NAME = "$(TARGET_NAME)";
				SDKROOT = macosx;
				SWIFT_ACTIVE_COMPILATION_CONDITIONS = DEBUG;
				SWIFT_EMIT_LOC_STRINGS = YES;
				SWIFT_OPTIMIZATION_LEVEL = "-Onone";
				SWIFT_VERSION = 5.0;
			};
			name = Debug;
		};
		632C34DB29078C290050F354 /* Release */ = {
			isa = XCBuildConfiguration;
			buildSettings = {
				ALWAYS_SEARCH_USER_PATHS = NO;
				ASSETCATALOG_COMPILER_APPICON_NAME = AppIcon;
				ASSETCATALOG_COMPILER_GLOBAL_ACCENT_COLOR_NAME = AccentColor;
				CLANG_ANALYZER_NONNULL = YES;
				CLANG_ANALYZER_NUMBER_OBJECT_CONVERSION = YES_AGGRESSIVE;
				CLANG_CXX_LANGUAGE_STANDARD = "gnu++20";
				CLANG_ENABLE_MODULES = YES;
				CLANG_ENABLE_OBJC_ARC = YES;
				CLANG_ENABLE_OBJC_WEAK = YES;
				CLANG_WARN_BLOCK_CAPTURE_AUTORELEASING = YES;
				CLANG_WARN_BOOL_CONVERSION = YES;
				CLANG_WARN_COMMA = YES;
				CLANG_WARN_CONSTANT_CONVERSION = YES;
				CLANG_WARN_DEPRECATED_OBJC_IMPLEMENTATIONS = YES;
				CLANG_WARN_DIRECT_OBJC_ISA_USAGE = YES_ERROR;
				CLANG_WARN_DOCUMENTATION_COMMENTS = YES;
				CLANG_WARN_EMPTY_BODY = YES;
				CLANG_WARN_ENUM_CONVERSION = YES;
				CLANG_WARN_INFINITE_RECURSION = YES;
				CLANG_WARN_INT_CONVERSION = YES;
				CLANG_WARN_NON_LITERAL_NULL_CONVERSION = YES;
				CLANG_WARN_OBJC_IMPLICIT_RETAIN_SELF = YES;
				CLANG_WARN_OBJC_LITERAL_CONVERSION = YES;
				CLANG_WARN_OBJC_ROOT_CLASS = YES_ERROR;
				CLANG_WARN_QUOTED_INCLUDE_IN_FRAMEWORK_HEADER = YES;
				CLANG_WARN_RANGE_LOOP_ANALYSIS = YES;
				CLANG_WARN_STRICT_PROTOTYPES = YES;
				CLANG_WARN_SUSPICIOUS_MOVE = YES;
				CLANG_WARN_UNGUARDED_AVAILABILITY = YES_AGGRESSIVE;
				CLANG_WARN_UNREACHABLE_CODE = YES;
				CLANG_WARN__DUPLICATE_METHOD_MATCH = YES;
				CODE_SIGN_ENTITLEMENTS = "DrawMaze macOS/DrawMaze_macOS.entitlements";
				CODE_SIGN_IDENTITY = "-";
				"CODE_SIGN_IDENTITY[sdk=macosx*]" = "Apple Development";
				CODE_SIGN_STYLE = Automatic;
				COMBINE_HIDPI_IMAGES = YES;
				COPY_PHASE_STRIP = NO;
				CURRENT_PROJECT_VERSION = 1;
				DEAD_CODE_STRIPPING = YES;
				DEBUG_INFORMATION_FORMAT = "dwarf-with-dsym";
				DEVELOPMENT_TEAM = VUGNZY6N5J;
				ENABLE_HARDENED_RUNTIME = YES;
				ENABLE_NS_ASSERTIONS = NO;
				ENABLE_STRICT_OBJC_MSGSEND = YES;
				GCC_C_LANGUAGE_STANDARD = gnu11;
				GCC_NO_COMMON_BLOCKS = YES;
				GCC_WARN_64_TO_32_BIT_CONVERSION = YES;
				GCC_WARN_ABOUT_RETURN_TYPE = YES_ERROR;
				GCC_WARN_UNDECLARED_SELECTOR = YES;
				GCC_WARN_UNINITIALIZED_AUTOS = YES_AGGRESSIVE;
				GCC_WARN_UNUSED_FUNCTION = YES;
				GCC_WARN_UNUSED_VARIABLE = YES;
				GENERATE_INFOPLIST_FILE = YES;
				INFOPLIST_KEY_NSHumanReadableCopyright = "";
				INFOPLIST_KEY_NSMainStoryboardFile = Main;
				INFOPLIST_KEY_NSPrincipalClass = NSApplication;
				LD_RUNPATH_SEARCH_PATHS = (
					"$(inherited)",
					"@executable_path/../Frameworks",
				);
				MACOSX_DEPLOYMENT_TARGET = 13.0;
				MARKETING_VERSION = 1.0;
				MTL_ENABLE_DEBUG_INFO = NO;
				MTL_FAST_MATH = YES;
				PRODUCT_BUNDLE_IDENTIFIER = "com.dkanen.DrawMaze-macOS";
				PRODUCT_NAME = "$(TARGET_NAME)";
				SDKROOT = macosx;
				SWIFT_COMPILATION_MODE = wholemodule;
				SWIFT_EMIT_LOC_STRINGS = YES;
				SWIFT_OPTIMIZATION_LEVEL = "-O";
				SWIFT_VERSION = 5.0;
			};
			name = Release;
		};
		632C34DD29078C290050F354 /* Debug */ = {
			isa = XCBuildConfiguration;
			buildSettings = {
				ALWAYS_EMBED_SWIFT_STANDARD_LIBRARIES = YES;
				ALWAYS_SEARCH_USER_PATHS = NO;
				BUNDLE_LOADER = "$(TEST_HOST)";
				CLANG_ANALYZER_NONNULL = YES;
				CLANG_ANALYZER_NUMBER_OBJECT_CONVERSION = YES_AGGRESSIVE;
				CLANG_CXX_LANGUAGE_STANDARD = "gnu++20";
				CLANG_ENABLE_MODULES = YES;
				CLANG_ENABLE_OBJC_ARC = YES;
				CLANG_ENABLE_OBJC_WEAK = YES;
				CLANG_WARN_BLOCK_CAPTURE_AUTORELEASING = YES;
				CLANG_WARN_BOOL_CONVERSION = YES;
				CLANG_WARN_COMMA = YES;
				CLANG_WARN_CONSTANT_CONVERSION = YES;
				CLANG_WARN_DEPRECATED_OBJC_IMPLEMENTATIONS = YES;
				CLANG_WARN_DIRECT_OBJC_ISA_USAGE = YES_ERROR;
				CLANG_WARN_DOCUMENTATION_COMMENTS = YES;
				CLANG_WARN_EMPTY_BODY = YES;
				CLANG_WARN_ENUM_CONVERSION = YES;
				CLANG_WARN_INFINITE_RECURSION = YES;
				CLANG_WARN_INT_CONVERSION = YES;
				CLANG_WARN_NON_LITERAL_NULL_CONVERSION = YES;
				CLANG_WARN_OBJC_IMPLICIT_RETAIN_SELF = YES;
				CLANG_WARN_OBJC_LITERAL_CONVERSION = YES;
				CLANG_WARN_OBJC_ROOT_CLASS = YES_ERROR;
				CLANG_WARN_QUOTED_INCLUDE_IN_FRAMEWORK_HEADER = YES;
				CLANG_WARN_RANGE_LOOP_ANALYSIS = YES;
				CLANG_WARN_STRICT_PROTOTYPES = YES;
				CLANG_WARN_SUSPICIOUS_MOVE = YES;
				CLANG_WARN_UNGUARDED_AVAILABILITY = YES_AGGRESSIVE;
				CLANG_WARN_UNREACHABLE_CODE = YES;
				CLANG_WARN__DUPLICATE_METHOD_MATCH = YES;
				CODE_SIGN_STYLE = Automatic;
				COPY_PHASE_STRIP = NO;
				CURRENT_PROJECT_VERSION = 1;
				DEAD_CODE_STRIPPING = YES;
				DEBUG_INFORMATION_FORMAT = dwarf;
				DEVELOPMENT_TEAM = VUGNZY6N5J;
				ENABLE_STRICT_OBJC_MSGSEND = YES;
				ENABLE_TESTABILITY = YES;
				GCC_C_LANGUAGE_STANDARD = gnu11;
				GCC_DYNAMIC_NO_PIC = NO;
				GCC_NO_COMMON_BLOCKS = YES;
				GCC_OPTIMIZATION_LEVEL = 0;
				GCC_PREPROCESSOR_DEFINITIONS = (
					"DEBUG=1",
					"$(inherited)",
				);
				GCC_WARN_64_TO_32_BIT_CONVERSION = YES;
				GCC_WARN_ABOUT_RETURN_TYPE = YES_ERROR;
				GCC_WARN_UNDECLARED_SELECTOR = YES;
				GCC_WARN_UNINITIALIZED_AUTOS = YES_AGGRESSIVE;
				GCC_WARN_UNUSED_FUNCTION = YES;
				GCC_WARN_UNUSED_VARIABLE = YES;
				GENERATE_INFOPLIST_FILE = YES;
				MACOSX_DEPLOYMENT_TARGET = 13.0;
				MARKETING_VERSION = 1.0;
				MTL_ENABLE_DEBUG_INFO = INCLUDE_SOURCE;
				MTL_FAST_MATH = YES;
				ONLY_ACTIVE_ARCH = YES;
				PRODUCT_BUNDLE_IDENTIFIER = "com.dkanen.DrawMaze-macOSTests";
				PRODUCT_NAME = "$(TARGET_NAME)";
				SDKROOT = macosx;
				SWIFT_ACTIVE_COMPILATION_CONDITIONS = DEBUG;
				SWIFT_EMIT_LOC_STRINGS = NO;
				SWIFT_OPTIMIZATION_LEVEL = "-Onone";
				SWIFT_VERSION = 5.0;
				TEST_HOST = "$(BUILT_PRODUCTS_DIR)/DrawMaze macOS.app/$(BUNDLE_EXECUTABLE_FOLDER_PATH)/DrawMaze macOS";
			};
			name = Debug;
		};
		632C34DE29078C290050F354 /* Release */ = {
			isa = XCBuildConfiguration;
			buildSettings = {
				ALWAYS_EMBED_SWIFT_STANDARD_LIBRARIES = YES;
				ALWAYS_SEARCH_USER_PATHS = NO;
				BUNDLE_LOADER = "$(TEST_HOST)";
				CLANG_ANALYZER_NONNULL = YES;
				CLANG_ANALYZER_NUMBER_OBJECT_CONVERSION = YES_AGGRESSIVE;
				CLANG_CXX_LANGUAGE_STANDARD = "gnu++20";
				CLANG_ENABLE_MODULES = YES;
				CLANG_ENABLE_OBJC_ARC = YES;
				CLANG_ENABLE_OBJC_WEAK = YES;
				CLANG_WARN_BLOCK_CAPTURE_AUTORELEASING = YES;
				CLANG_WARN_BOOL_CONVERSION = YES;
				CLANG_WARN_COMMA = YES;
				CLANG_WARN_CONSTANT_CONVERSION = YES;
				CLANG_WARN_DEPRECATED_OBJC_IMPLEMENTATIONS = YES;
				CLANG_WARN_DIRECT_OBJC_ISA_USAGE = YES_ERROR;
				CLANG_WARN_DOCUMENTATION_COMMENTS = YES;
				CLANG_WARN_EMPTY_BODY = YES;
				CLANG_WARN_ENUM_CONVERSION = YES;
				CLANG_WARN_INFINITE_RECURSION = YES;
				CLANG_WARN_INT_CONVERSION = YES;
				CLANG_WARN_NON_LITERAL_NULL_CONVERSION = YES;
				CLANG_WARN_OBJC_IMPLICIT_RETAIN_SELF = YES;
				CLANG_WARN_OBJC_LITERAL_CONVERSION = YES;
				CLANG_WARN_OBJC_ROOT_CLASS = YES_ERROR;
				CLANG_WARN_QUOTED_INCLUDE_IN_FRAMEWORK_HEADER = YES;
				CLANG_WARN_RANGE_LOOP_ANALYSIS = YES;
				CLANG_WARN_STRICT_PROTOTYPES = YES;
				CLANG_WARN_SUSPICIOUS_MOVE = YES;
				CLANG_WARN_UNGUARDED_AVAILABILITY = YES_AGGRESSIVE;
				CLANG_WARN_UNREACHABLE_CODE = YES;
				CLANG_WARN__DUPLICATE_METHOD_MATCH = YES;
				CODE_SIGN_STYLE = Automatic;
				COPY_PHASE_STRIP = NO;
				CURRENT_PROJECT_VERSION = 1;
				DEAD_CODE_STRIPPING = YES;
				DEBUG_INFORMATION_FORMAT = "dwarf-with-dsym";
				DEVELOPMENT_TEAM = VUGNZY6N5J;
				ENABLE_NS_ASSERTIONS = NO;
				ENABLE_STRICT_OBJC_MSGSEND = YES;
				GCC_C_LANGUAGE_STANDARD = gnu11;
				GCC_NO_COMMON_BLOCKS = YES;
				GCC_WARN_64_TO_32_BIT_CONVERSION = YES;
				GCC_WARN_ABOUT_RETURN_TYPE = YES_ERROR;
				GCC_WARN_UNDECLARED_SELECTOR = YES;
				GCC_WARN_UNINITIALIZED_AUTOS = YES_AGGRESSIVE;
				GCC_WARN_UNUSED_FUNCTION = YES;
				GCC_WARN_UNUSED_VARIABLE = YES;
				GENERATE_INFOPLIST_FILE = YES;
				MACOSX_DEPLOYMENT_TARGET = 13.0;
				MARKETING_VERSION = 1.0;
				MTL_ENABLE_DEBUG_INFO = NO;
				MTL_FAST_MATH = YES;
				PRODUCT_BUNDLE_IDENTIFIER = "com.dkanen.DrawMaze-macOSTests";
				PRODUCT_NAME = "$(TARGET_NAME)";
				SDKROOT = macosx;
				SWIFT_COMPILATION_MODE = wholemodule;
				SWIFT_EMIT_LOC_STRINGS = NO;
				SWIFT_OPTIMIZATION_LEVEL = "-O";
				SWIFT_VERSION = 5.0;
				TEST_HOST = "$(BUILT_PRODUCTS_DIR)/DrawMaze macOS.app/$(BUNDLE_EXECUTABLE_FOLDER_PATH)/DrawMaze macOS";
			};
			name = Release;
		};
		632C34E029078C290050F354 /* Debug */ = {
			isa = XCBuildConfiguration;
			buildSettings = {
				ALWAYS_EMBED_SWIFT_STANDARD_LIBRARIES = YES;
				ALWAYS_SEARCH_USER_PATHS = NO;
				CLANG_ANALYZER_NONNULL = YES;
				CLANG_ANALYZER_NUMBER_OBJECT_CONVERSION = YES_AGGRESSIVE;
				CLANG_CXX_LANGUAGE_STANDARD = "gnu++20";
				CLANG_ENABLE_MODULES = YES;
				CLANG_ENABLE_OBJC_ARC = YES;
				CLANG_ENABLE_OBJC_WEAK = YES;
				CLANG_WARN_BLOCK_CAPTURE_AUTORELEASING = YES;
				CLANG_WARN_BOOL_CONVERSION = YES;
				CLANG_WARN_COMMA = YES;
				CLANG_WARN_CONSTANT_CONVERSION = YES;
				CLANG_WARN_DEPRECATED_OBJC_IMPLEMENTATIONS = YES;
				CLANG_WARN_DIRECT_OBJC_ISA_USAGE = YES_ERROR;
				CLANG_WARN_DOCUMENTATION_COMMENTS = YES;
				CLANG_WARN_EMPTY_BODY = YES;
				CLANG_WARN_ENUM_CONVERSION = YES;
				CLANG_WARN_INFINITE_RECURSION = YES;
				CLANG_WARN_INT_CONVERSION = YES;
				CLANG_WARN_NON_LITERAL_NULL_CONVERSION = YES;
				CLANG_WARN_OBJC_IMPLICIT_RETAIN_SELF = YES;
				CLANG_WARN_OBJC_LITERAL_CONVERSION = YES;
				CLANG_WARN_OBJC_ROOT_CLASS = YES_ERROR;
				CLANG_WARN_QUOTED_INCLUDE_IN_FRAMEWORK_HEADER = YES;
				CLANG_WARN_RANGE_LOOP_ANALYSIS = YES;
				CLANG_WARN_STRICT_PROTOTYPES = YES;
				CLANG_WARN_SUSPICIOUS_MOVE = YES;
				CLANG_WARN_UNGUARDED_AVAILABILITY = YES_AGGRESSIVE;
				CLANG_WARN_UNREACHABLE_CODE = YES;
				CLANG_WARN__DUPLICATE_METHOD_MATCH = YES;
				CODE_SIGN_STYLE = Automatic;
				COPY_PHASE_STRIP = NO;
				CURRENT_PROJECT_VERSION = 1;
				DEAD_CODE_STRIPPING = YES;
				DEBUG_INFORMATION_FORMAT = dwarf;
				DEVELOPMENT_TEAM = VUGNZY6N5J;
				ENABLE_STRICT_OBJC_MSGSEND = YES;
				ENABLE_TESTABILITY = YES;
				GCC_C_LANGUAGE_STANDARD = gnu11;
				GCC_DYNAMIC_NO_PIC = NO;
				GCC_NO_COMMON_BLOCKS = YES;
				GCC_OPTIMIZATION_LEVEL = 0;
				GCC_PREPROCESSOR_DEFINITIONS = (
					"DEBUG=1",
					"$(inherited)",
				);
				GCC_WARN_64_TO_32_BIT_CONVERSION = YES;
				GCC_WARN_ABOUT_RETURN_TYPE = YES_ERROR;
				GCC_WARN_UNDECLARED_SELECTOR = YES;
				GCC_WARN_UNINITIALIZED_AUTOS = YES_AGGRESSIVE;
				GCC_WARN_UNUSED_FUNCTION = YES;
				GCC_WARN_UNUSED_VARIABLE = YES;
				GENERATE_INFOPLIST_FILE = YES;
				MACOSX_DEPLOYMENT_TARGET = 12.3;
				MARKETING_VERSION = 1.0;
				MTL_ENABLE_DEBUG_INFO = INCLUDE_SOURCE;
				MTL_FAST_MATH = YES;
				ONLY_ACTIVE_ARCH = YES;
				PRODUCT_BUNDLE_IDENTIFIER = "com.dkanen.DrawMaze-macOSUITests";
				PRODUCT_NAME = "$(TARGET_NAME)";
				SDKROOT = macosx;
				SWIFT_ACTIVE_COMPILATION_CONDITIONS = DEBUG;
				SWIFT_EMIT_LOC_STRINGS = NO;
				SWIFT_OPTIMIZATION_LEVEL = "-Onone";
				SWIFT_VERSION = 5.0;
				TEST_TARGET_NAME = "DrawMaze macOS";
			};
			name = Debug;
		};
		632C34E129078C290050F354 /* Release */ = {
			isa = XCBuildConfiguration;
			buildSettings = {
				ALWAYS_EMBED_SWIFT_STANDARD_LIBRARIES = YES;
				ALWAYS_SEARCH_USER_PATHS = NO;
				CLANG_ANALYZER_NONNULL = YES;
				CLANG_ANALYZER_NUMBER_OBJECT_CONVERSION = YES_AGGRESSIVE;
				CLANG_CXX_LANGUAGE_STANDARD = "gnu++20";
				CLANG_ENABLE_MODULES = YES;
				CLANG_ENABLE_OBJC_ARC = YES;
				CLANG_ENABLE_OBJC_WEAK = YES;
				CLANG_WARN_BLOCK_CAPTURE_AUTORELEASING = YES;
				CLANG_WARN_BOOL_CONVERSION = YES;
				CLANG_WARN_COMMA = YES;
				CLANG_WARN_CONSTANT_CONVERSION = YES;
				CLANG_WARN_DEPRECATED_OBJC_IMPLEMENTATIONS = YES;
				CLANG_WARN_DIRECT_OBJC_ISA_USAGE = YES_ERROR;
				CLANG_WARN_DOCUMENTATION_COMMENTS = YES;
				CLANG_WARN_EMPTY_BODY = YES;
				CLANG_WARN_ENUM_CONVERSION = YES;
				CLANG_WARN_INFINITE_RECURSION = YES;
				CLANG_WARN_INT_CONVERSION = YES;
				CLANG_WARN_NON_LITERAL_NULL_CONVERSION = YES;
				CLANG_WARN_OBJC_IMPLICIT_RETAIN_SELF = YES;
				CLANG_WARN_OBJC_LITERAL_CONVERSION = YES;
				CLANG_WARN_OBJC_ROOT_CLASS = YES_ERROR;
				CLANG_WARN_QUOTED_INCLUDE_IN_FRAMEWORK_HEADER = YES;
				CLANG_WARN_RANGE_LOOP_ANALYSIS = YES;
				CLANG_WARN_STRICT_PROTOTYPES = YES;
				CLANG_WARN_SUSPICIOUS_MOVE = YES;
				CLANG_WARN_UNGUARDED_AVAILABILITY = YES_AGGRESSIVE;
				CLANG_WARN_UNREACHABLE_CODE = YES;
				CLANG_WARN__DUPLICATE_METHOD_MATCH = YES;
				CODE_SIGN_STYLE = Automatic;
				COPY_PHASE_STRIP = NO;
				CURRENT_PROJECT_VERSION = 1;
				DEAD_CODE_STRIPPING = YES;
				DEBUG_INFORMATION_FORMAT = "dwarf-with-dsym";
				DEVELOPMENT_TEAM = VUGNZY6N5J;
				ENABLE_NS_ASSERTIONS = NO;
				ENABLE_STRICT_OBJC_MSGSEND = YES;
				GCC_C_LANGUAGE_STANDARD = gnu11;
				GCC_NO_COMMON_BLOCKS = YES;
				GCC_WARN_64_TO_32_BIT_CONVERSION = YES;
				GCC_WARN_ABOUT_RETURN_TYPE = YES_ERROR;
				GCC_WARN_UNDECLARED_SELECTOR = YES;
				GCC_WARN_UNINITIALIZED_AUTOS = YES_AGGRESSIVE;
				GCC_WARN_UNUSED_FUNCTION = YES;
				GCC_WARN_UNUSED_VARIABLE = YES;
				GENERATE_INFOPLIST_FILE = YES;
				MACOSX_DEPLOYMENT_TARGET = 12.3;
				MARKETING_VERSION = 1.0;
				MTL_ENABLE_DEBUG_INFO = NO;
				MTL_FAST_MATH = YES;
				PRODUCT_BUNDLE_IDENTIFIER = "com.dkanen.DrawMaze-macOSUITests";
				PRODUCT_NAME = "$(TARGET_NAME)";
				SDKROOT = macosx;
				SWIFT_COMPILATION_MODE = wholemodule;
				SWIFT_EMIT_LOC_STRINGS = NO;
				SWIFT_OPTIMIZATION_LEVEL = "-O";
				SWIFT_VERSION = 5.0;
				TEST_TARGET_NAME = "DrawMaze macOS";
			};
			name = Release;
		};
		632C350E29078CEB0050F354 /* Debug */ = {
			isa = XCBuildConfiguration;
			buildSettings = {
				ALWAYS_SEARCH_USER_PATHS = NO;
				ASSETCATALOG_COMPILER_APPICON_NAME = AppIcon;
				ASSETCATALOG_COMPILER_GLOBAL_ACCENT_COLOR_NAME = AccentColor;
				CLANG_ANALYZER_NONNULL = YES;
				CLANG_ANALYZER_NUMBER_OBJECT_CONVERSION = YES_AGGRESSIVE;
				CLANG_CXX_LANGUAGE_STANDARD = "gnu++20";
				CLANG_ENABLE_MODULES = YES;
				CLANG_ENABLE_OBJC_ARC = YES;
				CLANG_ENABLE_OBJC_WEAK = YES;
				CLANG_WARN_BLOCK_CAPTURE_AUTORELEASING = YES;
				CLANG_WARN_BOOL_CONVERSION = YES;
				CLANG_WARN_COMMA = YES;
				CLANG_WARN_CONSTANT_CONVERSION = YES;
				CLANG_WARN_DEPRECATED_OBJC_IMPLEMENTATIONS = YES;
				CLANG_WARN_DIRECT_OBJC_ISA_USAGE = YES_ERROR;
				CLANG_WARN_DOCUMENTATION_COMMENTS = YES;
				CLANG_WARN_EMPTY_BODY = YES;
				CLANG_WARN_ENUM_CONVERSION = YES;
				CLANG_WARN_INFINITE_RECURSION = YES;
				CLANG_WARN_INT_CONVERSION = YES;
				CLANG_WARN_NON_LITERAL_NULL_CONVERSION = YES;
				CLANG_WARN_OBJC_IMPLICIT_RETAIN_SELF = YES;
				CLANG_WARN_OBJC_LITERAL_CONVERSION = YES;
				CLANG_WARN_OBJC_ROOT_CLASS = YES_ERROR;
				CLANG_WARN_QUOTED_INCLUDE_IN_FRAMEWORK_HEADER = YES;
				CLANG_WARN_RANGE_LOOP_ANALYSIS = YES;
				CLANG_WARN_STRICT_PROTOTYPES = YES;
				CLANG_WARN_SUSPICIOUS_MOVE = YES;
				CLANG_WARN_UNGUARDED_AVAILABILITY = YES_AGGRESSIVE;
				CLANG_WARN_UNREACHABLE_CODE = YES;
				CLANG_WARN__DUPLICATE_METHOD_MATCH = YES;
				CODE_SIGN_STYLE = Automatic;
				COPY_PHASE_STRIP = NO;
				CURRENT_PROJECT_VERSION = 1;
				DEBUG_INFORMATION_FORMAT = dwarf;
				DEVELOPMENT_TEAM = VUGNZY6N5J;
				ENABLE_STRICT_OBJC_MSGSEND = YES;
				ENABLE_TESTABILITY = YES;
				GCC_C_LANGUAGE_STANDARD = gnu11;
				GCC_DYNAMIC_NO_PIC = NO;
				GCC_NO_COMMON_BLOCKS = YES;
				GCC_OPTIMIZATION_LEVEL = 0;
				GCC_PREPROCESSOR_DEFINITIONS = (
					"DEBUG=1",
					"$(inherited)",
				);
				GCC_WARN_64_TO_32_BIT_CONVERSION = YES;
				GCC_WARN_ABOUT_RETURN_TYPE = YES_ERROR;
				GCC_WARN_UNDECLARED_SELECTOR = YES;
				GCC_WARN_UNINITIALIZED_AUTOS = YES_AGGRESSIVE;
				GCC_WARN_UNUSED_FUNCTION = YES;
				GCC_WARN_UNUSED_VARIABLE = YES;
				GENERATE_INFOPLIST_FILE = YES;
				INFOPLIST_FILE = "DrawMaze iOS/Info.plist";
				INFOPLIST_KEY_UIApplicationSupportsIndirectInputEvents = YES;
				INFOPLIST_KEY_UILaunchStoryboardName = LaunchScreen;
				INFOPLIST_KEY_UIMainStoryboardFile = Main;
				INFOPLIST_KEY_UISupportedInterfaceOrientations_iPad = "UIInterfaceOrientationPortrait UIInterfaceOrientationPortraitUpsideDown UIInterfaceOrientationLandscapeLeft UIInterfaceOrientationLandscapeRight";
				INFOPLIST_KEY_UISupportedInterfaceOrientations_iPhone = "UIInterfaceOrientationPortrait UIInterfaceOrientationLandscapeLeft UIInterfaceOrientationLandscapeRight";
				IPHONEOS_DEPLOYMENT_TARGET = 16.0;
				LD_RUNPATH_SEARCH_PATHS = (
					"$(inherited)",
					"@executable_path/Frameworks",
				);
				MARKETING_VERSION = 1.0;
				MTL_ENABLE_DEBUG_INFO = INCLUDE_SOURCE;
				MTL_FAST_MATH = YES;
				ONLY_ACTIVE_ARCH = YES;
				PRODUCT_BUNDLE_IDENTIFIER = "com.dkanen.DrawMaze-iOS";
				PRODUCT_NAME = "$(TARGET_NAME)";
				SDKROOT = iphoneos;
				SWIFT_ACTIVE_COMPILATION_CONDITIONS = DEBUG;
				SWIFT_EMIT_LOC_STRINGS = YES;
				SWIFT_OPTIMIZATION_LEVEL = "-Onone";
				SWIFT_VERSION = 5.0;
				TARGETED_DEVICE_FAMILY = "1,2";
			};
			name = Debug;
		};
		632C350F29078CEB0050F354 /* Release */ = {
			isa = XCBuildConfiguration;
			buildSettings = {
				ALWAYS_SEARCH_USER_PATHS = NO;
				ASSETCATALOG_COMPILER_APPICON_NAME = AppIcon;
				ASSETCATALOG_COMPILER_GLOBAL_ACCENT_COLOR_NAME = AccentColor;
				CLANG_ANALYZER_NONNULL = YES;
				CLANG_ANALYZER_NUMBER_OBJECT_CONVERSION = YES_AGGRESSIVE;
				CLANG_CXX_LANGUAGE_STANDARD = "gnu++20";
				CLANG_ENABLE_MODULES = YES;
				CLANG_ENABLE_OBJC_ARC = YES;
				CLANG_ENABLE_OBJC_WEAK = YES;
				CLANG_WARN_BLOCK_CAPTURE_AUTORELEASING = YES;
				CLANG_WARN_BOOL_CONVERSION = YES;
				CLANG_WARN_COMMA = YES;
				CLANG_WARN_CONSTANT_CONVERSION = YES;
				CLANG_WARN_DEPRECATED_OBJC_IMPLEMENTATIONS = YES;
				CLANG_WARN_DIRECT_OBJC_ISA_USAGE = YES_ERROR;
				CLANG_WARN_DOCUMENTATION_COMMENTS = YES;
				CLANG_WARN_EMPTY_BODY = YES;
				CLANG_WARN_ENUM_CONVERSION = YES;
				CLANG_WARN_INFINITE_RECURSION = YES;
				CLANG_WARN_INT_CONVERSION = YES;
				CLANG_WARN_NON_LITERAL_NULL_CONVERSION = YES;
				CLANG_WARN_OBJC_IMPLICIT_RETAIN_SELF = YES;
				CLANG_WARN_OBJC_LITERAL_CONVERSION = YES;
				CLANG_WARN_OBJC_ROOT_CLASS = YES_ERROR;
				CLANG_WARN_QUOTED_INCLUDE_IN_FRAMEWORK_HEADER = YES;
				CLANG_WARN_RANGE_LOOP_ANALYSIS = YES;
				CLANG_WARN_STRICT_PROTOTYPES = YES;
				CLANG_WARN_SUSPICIOUS_MOVE = YES;
				CLANG_WARN_UNGUARDED_AVAILABILITY = YES_AGGRESSIVE;
				CLANG_WARN_UNREACHABLE_CODE = YES;
				CLANG_WARN__DUPLICATE_METHOD_MATCH = YES;
				CODE_SIGN_STYLE = Automatic;
				COPY_PHASE_STRIP = NO;
				CURRENT_PROJECT_VERSION = 1;
				DEBUG_INFORMATION_FORMAT = "dwarf-with-dsym";
				DEVELOPMENT_TEAM = VUGNZY6N5J;
				ENABLE_NS_ASSERTIONS = NO;
				ENABLE_STRICT_OBJC_MSGSEND = YES;
				GCC_C_LANGUAGE_STANDARD = gnu11;
				GCC_NO_COMMON_BLOCKS = YES;
				GCC_WARN_64_TO_32_BIT_CONVERSION = YES;
				GCC_WARN_ABOUT_RETURN_TYPE = YES_ERROR;
				GCC_WARN_UNDECLARED_SELECTOR = YES;
				GCC_WARN_UNINITIALIZED_AUTOS = YES_AGGRESSIVE;
				GCC_WARN_UNUSED_FUNCTION = YES;
				GCC_WARN_UNUSED_VARIABLE = YES;
				GENERATE_INFOPLIST_FILE = YES;
				INFOPLIST_FILE = "DrawMaze iOS/Info.plist";
				INFOPLIST_KEY_UIApplicationSupportsIndirectInputEvents = YES;
				INFOPLIST_KEY_UILaunchStoryboardName = LaunchScreen;
				INFOPLIST_KEY_UIMainStoryboardFile = Main;
				INFOPLIST_KEY_UISupportedInterfaceOrientations_iPad = "UIInterfaceOrientationPortrait UIInterfaceOrientationPortraitUpsideDown UIInterfaceOrientationLandscapeLeft UIInterfaceOrientationLandscapeRight";
				INFOPLIST_KEY_UISupportedInterfaceOrientations_iPhone = "UIInterfaceOrientationPortrait UIInterfaceOrientationLandscapeLeft UIInterfaceOrientationLandscapeRight";
				IPHONEOS_DEPLOYMENT_TARGET = 16.0;
				LD_RUNPATH_SEARCH_PATHS = (
					"$(inherited)",
					"@executable_path/Frameworks",
				);
				MARKETING_VERSION = 1.0;
				MTL_ENABLE_DEBUG_INFO = NO;
				MTL_FAST_MATH = YES;
				PRODUCT_BUNDLE_IDENTIFIER = "com.dkanen.DrawMaze-iOS";
				PRODUCT_NAME = "$(TARGET_NAME)";
				SDKROOT = iphoneos;
				SWIFT_COMPILATION_MODE = wholemodule;
				SWIFT_EMIT_LOC_STRINGS = YES;
				SWIFT_OPTIMIZATION_LEVEL = "-O";
				SWIFT_VERSION = 5.0;
				TARGETED_DEVICE_FAMILY = "1,2";
				VALIDATE_PRODUCT = YES;
			};
			name = Release;
		};
		632C351129078CEB0050F354 /* Debug */ = {
			isa = XCBuildConfiguration;
			buildSettings = {
				ALWAYS_EMBED_SWIFT_STANDARD_LIBRARIES = YES;
				ALWAYS_SEARCH_USER_PATHS = NO;
				BUNDLE_LOADER = "$(TEST_HOST)";
				CLANG_ANALYZER_NONNULL = YES;
				CLANG_ANALYZER_NUMBER_OBJECT_CONVERSION = YES_AGGRESSIVE;
				CLANG_CXX_LANGUAGE_STANDARD = "gnu++20";
				CLANG_ENABLE_MODULES = YES;
				CLANG_ENABLE_OBJC_ARC = YES;
				CLANG_ENABLE_OBJC_WEAK = YES;
				CLANG_WARN_BLOCK_CAPTURE_AUTORELEASING = YES;
				CLANG_WARN_BOOL_CONVERSION = YES;
				CLANG_WARN_COMMA = YES;
				CLANG_WARN_CONSTANT_CONVERSION = YES;
				CLANG_WARN_DEPRECATED_OBJC_IMPLEMENTATIONS = YES;
				CLANG_WARN_DIRECT_OBJC_ISA_USAGE = YES_ERROR;
				CLANG_WARN_DOCUMENTATION_COMMENTS = YES;
				CLANG_WARN_EMPTY_BODY = YES;
				CLANG_WARN_ENUM_CONVERSION = YES;
				CLANG_WARN_INFINITE_RECURSION = YES;
				CLANG_WARN_INT_CONVERSION = YES;
				CLANG_WARN_NON_LITERAL_NULL_CONVERSION = YES;
				CLANG_WARN_OBJC_IMPLICIT_RETAIN_SELF = YES;
				CLANG_WARN_OBJC_LITERAL_CONVERSION = YES;
				CLANG_WARN_OBJC_ROOT_CLASS = YES_ERROR;
				CLANG_WARN_QUOTED_INCLUDE_IN_FRAMEWORK_HEADER = YES;
				CLANG_WARN_RANGE_LOOP_ANALYSIS = YES;
				CLANG_WARN_STRICT_PROTOTYPES = YES;
				CLANG_WARN_SUSPICIOUS_MOVE = YES;
				CLANG_WARN_UNGUARDED_AVAILABILITY = YES_AGGRESSIVE;
				CLANG_WARN_UNREACHABLE_CODE = YES;
				CLANG_WARN__DUPLICATE_METHOD_MATCH = YES;
				CODE_SIGN_STYLE = Automatic;
				COPY_PHASE_STRIP = NO;
				CURRENT_PROJECT_VERSION = 1;
				DEBUG_INFORMATION_FORMAT = dwarf;
				DEVELOPMENT_TEAM = VUGNZY6N5J;
				ENABLE_STRICT_OBJC_MSGSEND = YES;
				ENABLE_TESTABILITY = YES;
				GCC_C_LANGUAGE_STANDARD = gnu11;
				GCC_DYNAMIC_NO_PIC = NO;
				GCC_NO_COMMON_BLOCKS = YES;
				GCC_OPTIMIZATION_LEVEL = 0;
				GCC_PREPROCESSOR_DEFINITIONS = (
					"DEBUG=1",
					"$(inherited)",
				);
				GCC_WARN_64_TO_32_BIT_CONVERSION = YES;
				GCC_WARN_ABOUT_RETURN_TYPE = YES_ERROR;
				GCC_WARN_UNDECLARED_SELECTOR = YES;
				GCC_WARN_UNINITIALIZED_AUTOS = YES_AGGRESSIVE;
				GCC_WARN_UNUSED_FUNCTION = YES;
				GCC_WARN_UNUSED_VARIABLE = YES;
				GENERATE_INFOPLIST_FILE = YES;
				IPHONEOS_DEPLOYMENT_TARGET = 16.0;
				MARKETING_VERSION = 1.0;
				MTL_ENABLE_DEBUG_INFO = INCLUDE_SOURCE;
				MTL_FAST_MATH = YES;
				ONLY_ACTIVE_ARCH = YES;
				PRODUCT_BUNDLE_IDENTIFIER = "com.dkanen.DrawMaze-iOSTests";
				PRODUCT_NAME = "$(TARGET_NAME)";
				SDKROOT = iphoneos;
				SWIFT_ACTIVE_COMPILATION_CONDITIONS = DEBUG;
				SWIFT_EMIT_LOC_STRINGS = NO;
				SWIFT_OPTIMIZATION_LEVEL = "-Onone";
				SWIFT_VERSION = 5.0;
				TARGETED_DEVICE_FAMILY = "1,2";
				TEST_HOST = "$(BUILT_PRODUCTS_DIR)/DrawMaze iOS.app/$(BUNDLE_EXECUTABLE_FOLDER_PATH)/DrawMaze iOS";
			};
			name = Debug;
		};
		632C351229078CEB0050F354 /* Release */ = {
			isa = XCBuildConfiguration;
			buildSettings = {
				ALWAYS_EMBED_SWIFT_STANDARD_LIBRARIES = YES;
				ALWAYS_SEARCH_USER_PATHS = NO;
				BUNDLE_LOADER = "$(TEST_HOST)";
				CLANG_ANALYZER_NONNULL = YES;
				CLANG_ANALYZER_NUMBER_OBJECT_CONVERSION = YES_AGGRESSIVE;
				CLANG_CXX_LANGUAGE_STANDARD = "gnu++20";
				CLANG_ENABLE_MODULES = YES;
				CLANG_ENABLE_OBJC_ARC = YES;
				CLANG_ENABLE_OBJC_WEAK = YES;
				CLANG_WARN_BLOCK_CAPTURE_AUTORELEASING = YES;
				CLANG_WARN_BOOL_CONVERSION = YES;
				CLANG_WARN_COMMA = YES;
				CLANG_WARN_CONSTANT_CONVERSION = YES;
				CLANG_WARN_DEPRECATED_OBJC_IMPLEMENTATIONS = YES;
				CLANG_WARN_DIRECT_OBJC_ISA_USAGE = YES_ERROR;
				CLANG_WARN_DOCUMENTATION_COMMENTS = YES;
				CLANG_WARN_EMPTY_BODY = YES;
				CLANG_WARN_ENUM_CONVERSION = YES;
				CLANG_WARN_INFINITE_RECURSION = YES;
				CLANG_WARN_INT_CONVERSION = YES;
				CLANG_WARN_NON_LITERAL_NULL_CONVERSION = YES;
				CLANG_WARN_OBJC_IMPLICIT_RETAIN_SELF = YES;
				CLANG_WARN_OBJC_LITERAL_CONVERSION = YES;
				CLANG_WARN_OBJC_ROOT_CLASS = YES_ERROR;
				CLANG_WARN_QUOTED_INCLUDE_IN_FRAMEWORK_HEADER = YES;
				CLANG_WARN_RANGE_LOOP_ANALYSIS = YES;
				CLANG_WARN_STRICT_PROTOTYPES = YES;
				CLANG_WARN_SUSPICIOUS_MOVE = YES;
				CLANG_WARN_UNGUARDED_AVAILABILITY = YES_AGGRESSIVE;
				CLANG_WARN_UNREACHABLE_CODE = YES;
				CLANG_WARN__DUPLICATE_METHOD_MATCH = YES;
				CODE_SIGN_STYLE = Automatic;
				COPY_PHASE_STRIP = NO;
				CURRENT_PROJECT_VERSION = 1;
				DEBUG_INFORMATION_FORMAT = "dwarf-with-dsym";
				DEVELOPMENT_TEAM = VUGNZY6N5J;
				ENABLE_NS_ASSERTIONS = NO;
				ENABLE_STRICT_OBJC_MSGSEND = YES;
				GCC_C_LANGUAGE_STANDARD = gnu11;
				GCC_NO_COMMON_BLOCKS = YES;
				GCC_WARN_64_TO_32_BIT_CONVERSION = YES;
				GCC_WARN_ABOUT_RETURN_TYPE = YES_ERROR;
				GCC_WARN_UNDECLARED_SELECTOR = YES;
				GCC_WARN_UNINITIALIZED_AUTOS = YES_AGGRESSIVE;
				GCC_WARN_UNUSED_FUNCTION = YES;
				GCC_WARN_UNUSED_VARIABLE = YES;
				GENERATE_INFOPLIST_FILE = YES;
				IPHONEOS_DEPLOYMENT_TARGET = 16.0;
				MARKETING_VERSION = 1.0;
				MTL_ENABLE_DEBUG_INFO = NO;
				MTL_FAST_MATH = YES;
				PRODUCT_BUNDLE_IDENTIFIER = "com.dkanen.DrawMaze-iOSTests";
				PRODUCT_NAME = "$(TARGET_NAME)";
				SDKROOT = iphoneos;
				SWIFT_COMPILATION_MODE = wholemodule;
				SWIFT_EMIT_LOC_STRINGS = NO;
				SWIFT_OPTIMIZATION_LEVEL = "-O";
				SWIFT_VERSION = 5.0;
				TARGETED_DEVICE_FAMILY = "1,2";
				TEST_HOST = "$(BUILT_PRODUCTS_DIR)/DrawMaze iOS.app/$(BUNDLE_EXECUTABLE_FOLDER_PATH)/DrawMaze iOS";
				VALIDATE_PRODUCT = YES;
			};
			name = Release;
		};
		632C351429078CEB0050F354 /* Debug */ = {
			isa = XCBuildConfiguration;
			buildSettings = {
				ALWAYS_EMBED_SWIFT_STANDARD_LIBRARIES = YES;
				ALWAYS_SEARCH_USER_PATHS = NO;
				CLANG_ANALYZER_NONNULL = YES;
				CLANG_ANALYZER_NUMBER_OBJECT_CONVERSION = YES_AGGRESSIVE;
				CLANG_CXX_LANGUAGE_STANDARD = "gnu++20";
				CLANG_ENABLE_MODULES = YES;
				CLANG_ENABLE_OBJC_ARC = YES;
				CLANG_ENABLE_OBJC_WEAK = YES;
				CLANG_WARN_BLOCK_CAPTURE_AUTORELEASING = YES;
				CLANG_WARN_BOOL_CONVERSION = YES;
				CLANG_WARN_COMMA = YES;
				CLANG_WARN_CONSTANT_CONVERSION = YES;
				CLANG_WARN_DEPRECATED_OBJC_IMPLEMENTATIONS = YES;
				CLANG_WARN_DIRECT_OBJC_ISA_USAGE = YES_ERROR;
				CLANG_WARN_DOCUMENTATION_COMMENTS = YES;
				CLANG_WARN_EMPTY_BODY = YES;
				CLANG_WARN_ENUM_CONVERSION = YES;
				CLANG_WARN_INFINITE_RECURSION = YES;
				CLANG_WARN_INT_CONVERSION = YES;
				CLANG_WARN_NON_LITERAL_NULL_CONVERSION = YES;
				CLANG_WARN_OBJC_IMPLICIT_RETAIN_SELF = YES;
				CLANG_WARN_OBJC_LITERAL_CONVERSION = YES;
				CLANG_WARN_OBJC_ROOT_CLASS = YES_ERROR;
				CLANG_WARN_QUOTED_INCLUDE_IN_FRAMEWORK_HEADER = YES;
				CLANG_WARN_RANGE_LOOP_ANALYSIS = YES;
				CLANG_WARN_STRICT_PROTOTYPES = YES;
				CLANG_WARN_SUSPICIOUS_MOVE = YES;
				CLANG_WARN_UNGUARDED_AVAILABILITY = YES_AGGRESSIVE;
				CLANG_WARN_UNREACHABLE_CODE = YES;
				CLANG_WARN__DUPLICATE_METHOD_MATCH = YES;
				CODE_SIGN_STYLE = Automatic;
				COPY_PHASE_STRIP = NO;
				CURRENT_PROJECT_VERSION = 1;
				DEBUG_INFORMATION_FORMAT = dwarf;
				DEVELOPMENT_TEAM = VUGNZY6N5J;
				ENABLE_STRICT_OBJC_MSGSEND = YES;
				ENABLE_TESTABILITY = YES;
				GCC_C_LANGUAGE_STANDARD = gnu11;
				GCC_DYNAMIC_NO_PIC = NO;
				GCC_NO_COMMON_BLOCKS = YES;
				GCC_OPTIMIZATION_LEVEL = 0;
				GCC_PREPROCESSOR_DEFINITIONS = (
					"DEBUG=1",
					"$(inherited)",
				);
				GCC_WARN_64_TO_32_BIT_CONVERSION = YES;
				GCC_WARN_ABOUT_RETURN_TYPE = YES_ERROR;
				GCC_WARN_UNDECLARED_SELECTOR = YES;
				GCC_WARN_UNINITIALIZED_AUTOS = YES_AGGRESSIVE;
				GCC_WARN_UNUSED_FUNCTION = YES;
				GCC_WARN_UNUSED_VARIABLE = YES;
				GENERATE_INFOPLIST_FILE = YES;
				IPHONEOS_DEPLOYMENT_TARGET = 16.0;
				MARKETING_VERSION = 1.0;
				MTL_ENABLE_DEBUG_INFO = INCLUDE_SOURCE;
				MTL_FAST_MATH = YES;
				ONLY_ACTIVE_ARCH = YES;
				PRODUCT_BUNDLE_IDENTIFIER = "com.dkanen.DrawMaze-iOSUITests";
				PRODUCT_NAME = "$(TARGET_NAME)";
				SDKROOT = iphoneos;
				SWIFT_ACTIVE_COMPILATION_CONDITIONS = DEBUG;
				SWIFT_EMIT_LOC_STRINGS = NO;
				SWIFT_OPTIMIZATION_LEVEL = "-Onone";
				SWIFT_VERSION = 5.0;
				TARGETED_DEVICE_FAMILY = "1,2";
				TEST_TARGET_NAME = "DrawMaze iOS";
			};
			name = Debug;
		};
		632C351529078CEB0050F354 /* Release */ = {
			isa = XCBuildConfiguration;
			buildSettings = {
				ALWAYS_EMBED_SWIFT_STANDARD_LIBRARIES = YES;
				ALWAYS_SEARCH_USER_PATHS = NO;
				CLANG_ANALYZER_NONNULL = YES;
				CLANG_ANALYZER_NUMBER_OBJECT_CONVERSION = YES_AGGRESSIVE;
				CLANG_CXX_LANGUAGE_STANDARD = "gnu++20";
				CLANG_ENABLE_MODULES = YES;
				CLANG_ENABLE_OBJC_ARC = YES;
				CLANG_ENABLE_OBJC_WEAK = YES;
				CLANG_WARN_BLOCK_CAPTURE_AUTORELEASING = YES;
				CLANG_WARN_BOOL_CONVERSION = YES;
				CLANG_WARN_COMMA = YES;
				CLANG_WARN_CONSTANT_CONVERSION = YES;
				CLANG_WARN_DEPRECATED_OBJC_IMPLEMENTATIONS = YES;
				CLANG_WARN_DIRECT_OBJC_ISA_USAGE = YES_ERROR;
				CLANG_WARN_DOCUMENTATION_COMMENTS = YES;
				CLANG_WARN_EMPTY_BODY = YES;
				CLANG_WARN_ENUM_CONVERSION = YES;
				CLANG_WARN_INFINITE_RECURSION = YES;
				CLANG_WARN_INT_CONVERSION = YES;
				CLANG_WARN_NON_LITERAL_NULL_CONVERSION = YES;
				CLANG_WARN_OBJC_IMPLICIT_RETAIN_SELF = YES;
				CLANG_WARN_OBJC_LITERAL_CONVERSION = YES;
				CLANG_WARN_OBJC_ROOT_CLASS = YES_ERROR;
				CLANG_WARN_QUOTED_INCLUDE_IN_FRAMEWORK_HEADER = YES;
				CLANG_WARN_RANGE_LOOP_ANALYSIS = YES;
				CLANG_WARN_STRICT_PROTOTYPES = YES;
				CLANG_WARN_SUSPICIOUS_MOVE = YES;
				CLANG_WARN_UNGUARDED_AVAILABILITY = YES_AGGRESSIVE;
				CLANG_WARN_UNREACHABLE_CODE = YES;
				CLANG_WARN__DUPLICATE_METHOD_MATCH = YES;
				CODE_SIGN_STYLE = Automatic;
				COPY_PHASE_STRIP = NO;
				CURRENT_PROJECT_VERSION = 1;
				DEBUG_INFORMATION_FORMAT = "dwarf-with-dsym";
				DEVELOPMENT_TEAM = VUGNZY6N5J;
				ENABLE_NS_ASSERTIONS = NO;
				ENABLE_STRICT_OBJC_MSGSEND = YES;
				GCC_C_LANGUAGE_STANDARD = gnu11;
				GCC_NO_COMMON_BLOCKS = YES;
				GCC_WARN_64_TO_32_BIT_CONVERSION = YES;
				GCC_WARN_ABOUT_RETURN_TYPE = YES_ERROR;
				GCC_WARN_UNDECLARED_SELECTOR = YES;
				GCC_WARN_UNINITIALIZED_AUTOS = YES_AGGRESSIVE;
				GCC_WARN_UNUSED_FUNCTION = YES;
				GCC_WARN_UNUSED_VARIABLE = YES;
				GENERATE_INFOPLIST_FILE = YES;
				IPHONEOS_DEPLOYMENT_TARGET = 16.0;
				MARKETING_VERSION = 1.0;
				MTL_ENABLE_DEBUG_INFO = NO;
				MTL_FAST_MATH = YES;
				PRODUCT_BUNDLE_IDENTIFIER = "com.dkanen.DrawMaze-iOSUITests";
				PRODUCT_NAME = "$(TARGET_NAME)";
				SDKROOT = iphoneos;
				SWIFT_COMPILATION_MODE = wholemodule;
				SWIFT_EMIT_LOC_STRINGS = NO;
				SWIFT_OPTIMIZATION_LEVEL = "-O";
				SWIFT_VERSION = 5.0;
				TARGETED_DEVICE_FAMILY = "1,2";
				TEST_TARGET_NAME = "DrawMaze iOS";
				VALIDATE_PRODUCT = YES;
			};
			name = Release;
		};
/* End XCBuildConfiguration section */

/* Begin XCConfigurationList section */
		632C34AF29078BE50050F354 /* Build configuration list for PBXProject "DrawMaze" */ = {
			isa = XCConfigurationList;
			buildConfigurations = (
				632C34B029078BE50050F354 /* Debug */,
				632C34B129078BE50050F354 /* Release */,
			);
			defaultConfigurationIsVisible = 0;
			defaultConfigurationName = Release;
		};
		632C34D929078C290050F354 /* Build configuration list for PBXNativeTarget "DrawMaze macOS" */ = {
			isa = XCConfigurationList;
			buildConfigurations = (
				632C34DA29078C290050F354 /* Debug */,
				632C34DB29078C290050F354 /* Release */,
			);
			defaultConfigurationIsVisible = 0;
			defaultConfigurationName = Release;
		};
		632C34DC29078C290050F354 /* Build configuration list for PBXNativeTarget "DrawMaze macOSTests" */ = {
			isa = XCConfigurationList;
			buildConfigurations = (
				632C34DD29078C290050F354 /* Debug */,
				632C34DE29078C290050F354 /* Release */,
			);
			defaultConfigurationIsVisible = 0;
			defaultConfigurationName = Release;
		};
		632C34DF29078C290050F354 /* Build configuration list for PBXNativeTarget "DrawMaze macOSUITests" */ = {
			isa = XCConfigurationList;
			buildConfigurations = (
				632C34E029078C290050F354 /* Debug */,
				632C34E129078C290050F354 /* Release */,
			);
			defaultConfigurationIsVisible = 0;
			defaultConfigurationName = Release;
		};
		632C350D29078CEB0050F354 /* Build configuration list for PBXNativeTarget "DrawMaze iOS" */ = {
			isa = XCConfigurationList;
			buildConfigurations = (
				632C350E29078CEB0050F354 /* Debug */,
				632C350F29078CEB0050F354 /* Release */,
			);
			defaultConfigurationIsVisible = 0;
			defaultConfigurationName = Release;
		};
		632C351029078CEB0050F354 /* Build configuration list for PBXNativeTarget "DrawMaze iOSTests" */ = {
			isa = XCConfigurationList;
			buildConfigurations = (
				632C351129078CEB0050F354 /* Debug */,
				632C351229078CEB0050F354 /* Release */,
			);
			defaultConfigurationIsVisible = 0;
			defaultConfigurationName = Release;
		};
		632C351329078CEB0050F354 /* Build configuration list for PBXNativeTarget "DrawMaze iOSUITests" */ = {
			isa = XCConfigurationList;
			buildConfigurations = (
				632C351429078CEB0050F354 /* Debug */,
				632C351529078CEB0050F354 /* Release */,
			);
			defaultConfigurationIsVisible = 0;
			defaultConfigurationName = Release;
		};
/* End XCConfigurationList section */
	};
	rootObject = 632C34AC29078BE50050F354 /* Project object */;
}
